{
	"name": "@arkecosystem/platform-sdk-eos",
	"version": "3.0.26",
	"lockfileVersion": 2,
	"requires": true,
	"packages": {
		"": {
			"name": "@arkecosystem/platform-sdk-eos",
			"version": "3.0.26",
			"license": "MIT",
			"dependencies": {
				"@arkecosystem/platform-sdk": "file:../platform-sdk",
				"@arkecosystem/platform-sdk-crypto": "file:../platform-sdk-crypto",
				"@arkecosystem/platform-sdk-intl": "file:../platform-sdk-intl",
				"@arkecosystem/platform-sdk-support": "file:../platform-sdk-support",
				"bn.js": "5.1.3",
				"elliptic": "^6.5.3",
				"eosjs": "^21.0.3",
				"node-fetch": "^2.6.1"
			},
			"engines": {
				"node": ">=12.x"
			}
		},
		"../platform-sdk": {
			"version": "3.0.26",
			"license": "MIT",
			"dependencies": {
				"@arkecosystem/platform-sdk-intl": "file:../platform-sdk-intl",
				"@arkecosystem/platform-sdk-support": "file:../platform-sdk-support",
				"bad-words": "^3.0.3",
				"bent": "^7.3",
				"bignumber.js": "^9.0.1",
				"bip32": "^2.0.6",
				"bip39": "^3.0.3",
				"censorify-it": "^3.0.2",
				"dayjs": "^1.9",
				"dot-prop": "^5.0.0",
				"joi": "^17.3.0",
				"node-emoji": "^1.10.0",
				"type-fest": "^0.18.1"
			},
			"engines": {
				"node": ">=12.x"
			}
		},
		"../platform-sdk-crypto": {
			"version": "3.0.26",
			"license": "MIT",
			"dependencies": {
				"argon2-browser": "^1.15.2",
				"bcryptjs": "^2.4.3",
				"bcrypto": "^5.3.0",
				"bip32": "^2.0.6",
				"bip38": "^3.1.1",
				"bip39": "^3.0.3",
				"keytar": "^7.1.0",
				"node-forge": "^0.10.0",
				"safe-buffer": "^5.2.1",
				"string-crypto": "^2.0.1"
			},
			"engines": {
				"node": ">=12.x"
			}
		},
		"../platform-sdk-intl": {
			"version": "3.0.26",
			"license": "MIT",
			"dependencies": {
				"dayjs": "^1.9.6",
				"dinero.js": "^1.8.1"
			},
			"engines": {
				"node": ">=12.x"
			}
		},
		"../platform-sdk-support": {
			"version": "3.0.26",
			"license": "MIT",
			"dependencies": {
				"bad-words": "^3.0.3",
				"bignumber.js": "^9.0.1",
				"censorify-it": "^3.0.2",
				"dot-prop": "^5.0.0",
				"front-matter": "^4.0.2",
				"joi": "^17.3.0",
				"qrcode": "^1.4.4",
				"remarkable": "^2.0.1"
			},
			"engines": {
				"node": ">=12.x"
			}
		},
		"node_modules/@arkecosystem/platform-sdk": {
			"resolved": "../platform-sdk",
			"link": true
		},
		"node_modules/@arkecosystem/platform-sdk-crypto": {
			"resolved": "../platform-sdk-crypto",
			"link": true
		},
		"node_modules/@arkecosystem/platform-sdk-intl": {
			"resolved": "../platform-sdk-intl",
			"link": true
		},
		"node_modules/@arkecosystem/platform-sdk-support": {
			"resolved": "../platform-sdk-support",
			"link": true
		},
		"node_modules/bn.js": {
			"version": "5.1.3",
			"resolved": "https://registry.npmjs.org/bn.js/-/bn.js-5.1.3.tgz",
			"integrity": "sha512-GkTiFpjFtUzU9CbMeJ5iazkCzGL3jrhzerzZIuqLABjbwRaFt33I9tUdSNryIptM+RxDet6OKm2WnLXzW51KsQ=="
		},
		"node_modules/brorand": {
			"version": "1.1.0",
			"resolved": "https://registry.npmjs.org/brorand/-/brorand-1.1.0.tgz",
			"integrity": "sha1-EsJe/kCkXjwyPrhnWgoM5XsiNx8="
		},
		"node_modules/elliptic": {
			"version": "6.5.4",
			"resolved": "https://registry.npmjs.org/elliptic/-/elliptic-6.5.4.tgz",
			"integrity": "sha512-iLhC6ULemrljPZb+QutR5TQGB+pdW6KGD5RSegS+8sorOZT+rdQFbsQFJgvN3eRqNALqJer4oQ16YvJHlU8hzQ==",
			"dependencies": {
				"bn.js": "^4.11.9",
				"brorand": "^1.1.0",
				"hash.js": "^1.0.0",
				"hmac-drbg": "^1.0.1",
				"inherits": "^2.0.4",
				"minimalistic-assert": "^1.0.1",
				"minimalistic-crypto-utils": "^1.0.1"
			}
		},
		"node_modules/elliptic/node_modules/bn.js": {
			"version": "4.12.0",
			"resolved": "https://registry.npmjs.org/bn.js/-/bn.js-4.12.0.tgz",
			"integrity": "sha512-c98Bf3tPniI+scsdk237ku1Dc3ujXQTSgyiPUDEOe7tRkhrqridvh8klBv0HCEso1OLOYcHuCv/cS6DNxKH+ZA=="
		},
		"node_modules/eosjs": {
			"version": "21.0.3",
			"resolved": "https://registry.npmjs.org/eosjs/-/eosjs-21.0.3.tgz",
			"integrity": "sha512-EO/lM1pvA1nohzmPnwyE6k5OvYqRo9ZkI6PfMI4npXkru04Nt/zBjcneNLFpRc7gg5W7vtGLzJeLB7NOFquDMg==",
			"dependencies": {
				"elliptic": "6.5.3",
				"hash.js": "1.1.7",
				"pako": "1.0.11"
			}
		},
		"node_modules/eosjs/node_modules/bn.js": {
			"version": "4.12.0",
			"resolved": "https://registry.npmjs.org/bn.js/-/bn.js-4.12.0.tgz",
			"integrity": "sha512-c98Bf3tPniI+scsdk237ku1Dc3ujXQTSgyiPUDEOe7tRkhrqridvh8klBv0HCEso1OLOYcHuCv/cS6DNxKH+ZA=="
		},
		"node_modules/eosjs/node_modules/elliptic": {
			"version": "6.5.3",
			"resolved": "https://registry.npmjs.org/elliptic/-/elliptic-6.5.3.tgz",
			"integrity": "sha512-IMqzv5wNQf+E6aHeIqATs0tOLeOTwj1QKbRcS3jBbYkl5oLAserA8yJTT7/VyHUYG91PRmPyeQDObKLPpeS4dw==",
			"dependencies": {
				"bn.js": "^4.4.0",
				"brorand": "^1.0.1",
				"hash.js": "^1.0.0",
				"hmac-drbg": "^1.0.0",
				"inherits": "^2.0.1",
				"minimalistic-assert": "^1.0.0",
				"minimalistic-crypto-utils": "^1.0.0"
			}
		},
		"node_modules/hash.js": {
			"version": "1.1.7",
			"resolved": "https://registry.npmjs.org/hash.js/-/hash.js-1.1.7.tgz",
			"integrity": "sha512-taOaskGt4z4SOANNseOviYDvjEJinIkRgmp7LbKP2YTTmVxWBl87s/uzK9r+44BclBSp2X7K1hqeNfz9JbBeXA==",
			"dependencies": {
				"inherits": "^2.0.3",
				"minimalistic-assert": "^1.0.1"
			}
		},
		"node_modules/hmac-drbg": {
			"version": "1.0.1",
			"resolved": "https://registry.npmjs.org/hmac-drbg/-/hmac-drbg-1.0.1.tgz",
			"integrity": "sha1-0nRXAQJabHdabFRXk+1QL8DGSaE=",
			"dependencies": {
				"hash.js": "^1.0.3",
				"minimalistic-assert": "^1.0.0",
				"minimalistic-crypto-utils": "^1.0.1"
			}
		},
		"node_modules/inherits": {
			"version": "2.0.4",
			"resolved": "https://registry.npmjs.org/inherits/-/inherits-2.0.4.tgz",
			"integrity": "sha512-k/vGaX4/Yla3WzyMCvTQOXYeIHvqOKtnqBduzTHpzpQZzAskKMhZ2K+EnBiSM9zGSoIFeMpXKxa4dYeZIQqewQ=="
		},
		"node_modules/minimalistic-assert": {
			"version": "1.0.1",
			"resolved": "https://registry.npmjs.org/minimalistic-assert/-/minimalistic-assert-1.0.1.tgz",
			"integrity": "sha512-UtJcAD4yEaGtjPezWuO9wC4nwUnVH/8/Im3yEHQP4b67cXlD/Qr9hdITCU1xDbSEXg2XKNaP8jsReV7vQd00/A=="
		},
		"node_modules/minimalistic-crypto-utils": {
			"version": "1.0.1",
			"resolved": "https://registry.npmjs.org/minimalistic-crypto-utils/-/minimalistic-crypto-utils-1.0.1.tgz",
			"integrity": "sha1-9sAMHAsIIkblxNmd+4x8CDsrWCo="
		},
		"node_modules/node-fetch": {
			"version": "2.6.1",
			"resolved": "https://registry.npmjs.org/node-fetch/-/node-fetch-2.6.1.tgz",
			"integrity": "sha512-V4aYg89jEoVRxRb2fJdAg8FHvI7cEyYdVAh94HH0UIK8oJxUfkjlDQN9RbMx+bEjP7+ggMiFRprSti032Oipxw==",
			"engines": {
				"node": "4.x || >=6.0.0"
			}
		},
		"node_modules/pako": {
			"version": "1.0.11",
			"resolved": "https://registry.npmjs.org/pako/-/pako-1.0.11.tgz",
			"integrity": "sha512-4hLB8Py4zZce5s4yd9XzopqwVv/yGNhV1Bl8NTmCq1763HeK2+EwVTv+leGeL13Dnh2wfbqowVPXCIO0z4taYw=="
		}
	},
	"dependencies": {
		"@arkecosystem/platform-sdk": {
			"version": "file:../platform-sdk",
			"requires": {
				"@arkecosystem/platform-sdk-intl": "file:../platform-sdk-intl",
				"@arkecosystem/platform-sdk-support": "file:../platform-sdk-support",
				"bad-words": "^3.0.3",
				"bent": "^7.3",
				"bignumber.js": "^9.0.1",
				"bip32": "^2.0.6",
				"bip39": "^3.0.3",
				"censorify-it": "^3.0.2",
				"dayjs": "^1.9",
				"dot-prop": "^5.0.0",
				"joi": "^17.3.0",
				"node-emoji": "^1.10.0",
				"type-fest": "^0.18.1"
			}
		},
		"@arkecosystem/platform-sdk-crypto": {
			"version": "file:../platform-sdk-crypto",
			"requires": {
				"argon2-browser": "^1.15.2",
				"bcryptjs": "^2.4.3",
				"bcrypto": "^5.3.0",
				"bip32": "^2.0.6",
				"bip38": "^3.1.1",
				"bip39": "^3.0.3",
				"keytar": "^7.1.0",
				"node-forge": "^0.10.0",
				"safe-buffer": "^5.2.1",
				"string-crypto": "^2.0.1"
			}
		},
		"@arkecosystem/platform-sdk-intl": {
			"version": "file:../platform-sdk-intl",
			"requires": {
				"dayjs": "^1.9.6",
				"dinero.js": "^1.8.1"
			}
		},
		"@arkecosystem/platform-sdk-support": {
			"version": "file:../platform-sdk-support",
			"requires": {
				"bad-words": "^3.0.3",
				"bignumber.js": "^9.0.1",
				"censorify-it": "^3.0.2",
				"dot-prop": "^5.0.0",
				"front-matter": "^4.0.2",
				"joi": "^17.3.0",
				"qrcode": "^1.4.4",
				"remarkable": "^2.0.1"
			}
		},
		"bn.js": {
			"version": "5.1.3",
			"resolved": "https://registry.npmjs.org/bn.js/-/bn.js-5.1.3.tgz",
			"integrity": "sha512-GkTiFpjFtUzU9CbMeJ5iazkCzGL3jrhzerzZIuqLABjbwRaFt33I9tUdSNryIptM+RxDet6OKm2WnLXzW51KsQ=="
		},
		"brorand": {
			"version": "1.1.0",
			"resolved": "https://registry.npmjs.org/brorand/-/brorand-1.1.0.tgz",
			"integrity": "sha1-EsJe/kCkXjwyPrhnWgoM5XsiNx8="
		},
		"elliptic": {
			"version": "6.5.4",
			"resolved": "https://registry.npmjs.org/elliptic/-/elliptic-6.5.4.tgz",
			"integrity": "sha512-iLhC6ULemrljPZb+QutR5TQGB+pdW6KGD5RSegS+8sorOZT+rdQFbsQFJgvN3eRqNALqJer4oQ16YvJHlU8hzQ==",
			"requires": {
				"bn.js": "^4.11.9",
				"brorand": "^1.1.0",
				"hash.js": "^1.0.0",
				"hmac-drbg": "^1.0.1",
				"inherits": "^2.0.4",
				"minimalistic-assert": "^1.0.1",
				"minimalistic-crypto-utils": "^1.0.1"
			},
			"dependencies": {
				"bn.js": {
					"version": "4.12.0",
					"resolved": "https://registry.npmjs.org/bn.js/-/bn.js-4.12.0.tgz",
					"integrity": "sha512-c98Bf3tPniI+scsdk237ku1Dc3ujXQTSgyiPUDEOe7tRkhrqridvh8klBv0HCEso1OLOYcHuCv/cS6DNxKH+ZA=="
				}
			}
		},
		"eosjs": {
			"version": "21.0.3",
			"resolved": "https://registry.npmjs.org/eosjs/-/eosjs-21.0.3.tgz",
			"integrity": "sha512-EO/lM1pvA1nohzmPnwyE6k5OvYqRo9ZkI6PfMI4npXkru04Nt/zBjcneNLFpRc7gg5W7vtGLzJeLB7NOFquDMg==",
			"requires": {
				"elliptic": "6.5.3",
				"hash.js": "1.1.7",
				"pako": "1.0.11"
			},
			"dependencies": {
				"bn.js": {
					"version": "4.12.0",
					"resolved": "https://registry.npmjs.org/bn.js/-/bn.js-4.12.0.tgz",
					"integrity": "sha512-c98Bf3tPniI+scsdk237ku1Dc3ujXQTSgyiPUDEOe7tRkhrqridvh8klBv0HCEso1OLOYcHuCv/cS6DNxKH+ZA=="
				},
				"elliptic": {
					"version": "6.5.3",
					"resolved": "https://registry.npmjs.org/elliptic/-/elliptic-6.5.3.tgz",
					"integrity": "sha512-IMqzv5wNQf+E6aHeIqATs0tOLeOTwj1QKbRcS3jBbYkl5oLAserA8yJTT7/VyHUYG91PRmPyeQDObKLPpeS4dw==",
					"requires": {
						"bn.js": "^4.4.0",
						"brorand": "^1.0.1",
						"hash.js": "^1.0.0",
						"hmac-drbg": "^1.0.0",
						"inherits": "^2.0.1",
						"minimalistic-assert": "^1.0.0",
						"minimalistic-crypto-utils": "^1.0.0"
					}
				}
			}
		},
		"hash.js": {
			"version": "1.1.7",
			"resolved": "https://registry.npmjs.org/hash.js/-/hash.js-1.1.7.tgz",
			"integrity": "sha512-taOaskGt4z4SOANNseOviYDvjEJinIkRgmp7LbKP2YTTmVxWBl87s/uzK9r+44BclBSp2X7K1hqeNfz9JbBeXA==",
			"requires": {
				"inherits": "^2.0.3",
				"minimalistic-assert": "^1.0.1"
			}
		},
		"hmac-drbg": {
			"version": "1.0.1",
			"resolved": "https://registry.npmjs.org/hmac-drbg/-/hmac-drbg-1.0.1.tgz",
			"integrity": "sha1-0nRXAQJabHdabFRXk+1QL8DGSaE=",
			"requires": {
				"hash.js": "^1.0.3",
				"minimalistic-assert": "^1.0.0",
				"minimalistic-crypto-utils": "^1.0.1"
			}
		},
		"inherits": {
			"version": "2.0.4",
			"resolved": "https://registry.npmjs.org/inherits/-/inherits-2.0.4.tgz",
			"integrity": "sha512-k/vGaX4/Yla3WzyMCvTQOXYeIHvqOKtnqBduzTHpzpQZzAskKMhZ2K+EnBiSM9zGSoIFeMpXKxa4dYeZIQqewQ=="
		},
		"minimalistic-assert": {
			"version": "1.0.1",
			"resolved": "https://registry.npmjs.org/minimalistic-assert/-/minimalistic-assert-1.0.1.tgz",
			"integrity": "sha512-UtJcAD4yEaGtjPezWuO9wC4nwUnVH/8/Im3yEHQP4b67cXlD/Qr9hdITCU1xDbSEXg2XKNaP8jsReV7vQd00/A=="
		},
		"minimalistic-crypto-utils": {
			"version": "1.0.1",
			"resolved": "https://registry.npmjs.org/minimalistic-crypto-utils/-/minimalistic-crypto-utils-1.0.1.tgz",
			"integrity": "sha1-9sAMHAsIIkblxNmd+4x8CDsrWCo="
		},
		"node-fetch": {
			"version": "2.6.1",
			"resolved": "https://registry.npmjs.org/node-fetch/-/node-fetch-2.6.1.tgz",
			"integrity": "sha512-V4aYg89jEoVRxRb2fJdAg8FHvI7cEyYdVAh94HH0UIK8oJxUfkjlDQN9RbMx+bEjP7+ggMiFRprSti032Oipxw=="
		},
		"pako": {
			"version": "1.0.11",
			"resolved": "https://registry.npmjs.org/pako/-/pako-1.0.11.tgz",
			"integrity": "sha512-4hLB8Py4zZce5s4yd9XzopqwVv/yGNhV1Bl8NTmCq1763HeK2+EwVTv+leGeL13Dnh2wfbqowVPXCIO0z4taYw=="
		}
	}
}
