{
	"name": "@arkecosystem/platform-sdk-http-node-fetch",
	"version": "3.0.26",
	"lockfileVersion": 2,
	"requires": true,
	"packages": {
		"": {
			"name": "@arkecosystem/platform-sdk-http-node-fetch",
			"version": "3.0.26",
			"license": "MIT",
			"dependencies": {
				"@arkecosystem/platform-sdk": "file:../platform-sdk",
				"node-fetch": "^2.6.1"
			},
			"engines": {
				"node": ">=12.x"
			}
		},
		"../platform-sdk": {
			"version": "3.0.26",
			"license": "MIT",
			"dependencies": {
				"@arkecosystem/platform-sdk-intl": "file:../platform-sdk-intl",
				"@arkecosystem/platform-sdk-support": "file:../platform-sdk-support",
				"bad-words": "^3.0.3",
				"bent": "^7.3",
				"bignumber.js": "^9.0.1",
				"bip32": "^2.0.6",
				"bip39": "^3.0.3",
				"censorify-it": "^3.0.2",
				"dayjs": "^1.9",
				"dot-prop": "^5.0.0",
				"joi": "^17.3.0",
				"node-emoji": "^1.10.0",
				"type-fest": "^0.18.1"
			},
			"engines": {
				"node": ">=12.x"
			}
		},
		"node_modules/@arkecosystem/platform-sdk": {
			"resolved": "../platform-sdk",
			"link": true
		},
		"node_modules/node-fetch": {
			"version": "2.6.1",
			"resolved": "https://registry.npmjs.org/node-fetch/-/node-fetch-2.6.1.tgz",
			"integrity": "sha512-V4aYg89jEoVRxRb2fJdAg8FHvI7cEyYdVAh94HH0UIK8oJxUfkjlDQN9RbMx+bEjP7+ggMiFRprSti032Oipxw==",
			"engines": {
				"node": "4.x || >=6.0.0"
			}
		}
	},
	"dependencies": {
		"@arkecosystem/platform-sdk": {
			"version": "file:../platform-sdk",
			"requires": {
				"@arkecosystem/platform-sdk-intl": "file:../platform-sdk-intl",
				"@arkecosystem/platform-sdk-support": "file:../platform-sdk-support",
				"bad-words": "^3.0.3",
				"bent": "^7.3",
				"bignumber.js": "^9.0.1",
				"bip32": "^2.0.6",
				"bip39": "^3.0.3",
				"censorify-it": "^3.0.2",
				"dayjs": "^1.9",
				"dot-prop": "^5.0.0",
				"joi": "^17.3.0",
				"node-emoji": "^1.10.0",
				"type-fest": "^0.18.1"
			}
		},
		"node-fetch": {
			"version": "2.6.1",
			"resolved": "https://registry.npmjs.org/node-fetch/-/node-fetch-2.6.1.tgz",
			"integrity": "sha512-V4aYg89jEoVRxRb2fJdAg8FHvI7cEyYdVAh94HH0UIK8oJxUfkjlDQN9RbMx+bEjP7+ggMiFRprSti032Oipxw=="
		}
	}
}
