{
	"name": "@arkecosystem/platform-sdk-intl",
	"version": "3.0.26",
	"lockfileVersion": 2,
	"requires": true,
	"packages": {
		"": {
			"name": "@arkecosystem/platform-sdk-intl",
			"version": "3.0.26",
			"license": "MIT",
			"dependencies": {
				"dayjs": "^1.9.6",
				"dinero.js": "^1.8.1"
			},
			"devDependencies": {
				"@types/dinero.js": "1.6.5"
			},
			"engines": {
				"node": ">=12.x"
			}
		},
		"node_modules/@types/dinero.js": {
			"version": "1.6.5",
			"resolved": "https://registry.npmjs.org/@types/dinero.js/-/dinero.js-1.6.5.tgz",
			"integrity": "sha512-mDpUUr/PA68nrtb+ZnOa7kIPkbPVa7yCfB0EsFIWwcZrKYGlbp1F8roAHyQSehYNuaByjiBKU6B9iqPeRgUyiA==",
			"dev": true
		},
		"node_modules/dayjs": {
			"version": "1.10.4",
			"resolved": "https://registry.npmjs.org/dayjs/-/dayjs-1.10.4.tgz",
			"integrity": "sha512-RI/Hh4kqRc1UKLOAf/T5zdMMX5DQIlDxwUe3wSyMMnEbGunnpENCdbUgM+dW7kXidZqCttBrmw7BhN4TMddkCw=="
		},
		"node_modules/dinero.js": {
			"version": "1.8.1",
			"resolved": "https://registry.npmjs.org/dinero.js/-/dinero.js-1.8.1.tgz",
			"integrity": "sha512-AQ09MDKonkGUrhBZZFx4tPTVcVJuHJ0VEA73LvcBoBB2eQSi1DbapeXj4wnUUpx1hVnPdyev1xPNnNMGy/Au0g==",
			"engines": {
				"node": "*"
			}
		}
	},
	"dependencies": {
		"@types/dinero.js": {
			"version": "1.6.5",
			"resolved": "https://registry.npmjs.org/@types/dinero.js/-/dinero.js-1.6.5.tgz",
			"integrity": "sha512-mDpUUr/PA68nrtb+ZnOa7kIPkbPVa7yCfB0EsFIWwcZrKYGlbp1F8roAHyQSehYNuaByjiBKU6B9iqPeRgUyiA==",
			"dev": true
		},
		"dayjs": {
			"version": "1.10.4",
			"resolved": "https://registry.npmjs.org/dayjs/-/dayjs-1.10.4.tgz",
			"integrity": "sha512-RI/Hh4kqRc1UKLOAf/T5zdMMX5DQIlDxwUe3wSyMMnEbGunnpENCdbUgM+dW7kXidZqCttBrmw7BhN4TMddkCw=="
		},
		"dinero.js": {
			"version": "1.8.1",
			"resolved": "https://registry.npmjs.org/dinero.js/-/dinero.js-1.8.1.tgz",
			"integrity": "sha512-AQ09MDKonkGUrhBZZFx4tPTVcVJuHJ0VEA73LvcBoBB2eQSi1DbapeXj4wnUUpx1hVnPdyev1xPNnNMGy/Au0g=="
		}
	}
}
