{
	"name": "@arkecosystem/platform-sdk-profiles",
	"version": "3.0.26",
	"lockfileVersion": 2,
	"requires": true,
	"packages": {
		"": {
			"name": "@arkecosystem/platform-sdk-profiles",
			"version": "3.0.26",
			"license": "MIT",
			"dependencies": {
				"@arkecosystem/platform-sdk": "file:../platform-sdk",
				"@arkecosystem/platform-sdk-crypto": "file:../platform-sdk-crypto",
				"@arkecosystem/platform-sdk-intl": "file:../platform-sdk-intl",
				"@arkecosystem/platform-sdk-markets": "file:../platform-sdk-markets",
				"@arkecosystem/platform-sdk-support": "file:../platform-sdk-support",
				"@arkecosystem/utils": "^1.2.0",
				"@sindresorhus/slugify": "^1.1.0",
				"@vechain/picasso": "^2.1.1",
				"bcrypto": "^5.3.0",
				"bip38": "^3.1.1",
				"dot-prop": "^5.0.0",
				"joi": "^17.3.0",
				"localforage": "^1.9.0",
				"mem": "^8.0.0",
				"node-cache": "^5.1.2",
				"p-queue": "^6.6.2",
				"p-retry": "^4.3.0",
				"semver": "^7.3.4",
				"type-fest": "^0.18.1",
				"uuid": "^8.3.1",
				"wif": "^2.0.6"
			},
			"engines": {
				"node": ">=12.x"
			}
		},
		"../platform-sdk": {
			"version": "3.0.26",
			"license": "MIT",
			"dependencies": {
				"@arkecosystem/platform-sdk-intl": "file:../platform-sdk-intl",
				"@arkecosystem/platform-sdk-support": "file:../platform-sdk-support",
				"bad-words": "^3.0.3",
				"bent": "^7.3",
				"bignumber.js": "^9.0.1",
				"bip32": "^2.0.6",
				"bip39": "^3.0.3",
				"censorify-it": "^3.0.2",
				"dayjs": "^1.9",
				"dot-prop": "^5.0.0",
				"joi": "^17.3.0",
				"node-emoji": "^1.10.0",
				"type-fest": "^0.18.1"
			},
			"engines": {
				"node": ">=12.x"
			}
		},
		"../platform-sdk-crypto": {
			"version": "3.0.26",
			"license": "MIT",
			"dependencies": {
				"argon2-browser": "^1.15.2",
				"bcryptjs": "^2.4.3",
				"bcrypto": "^5.3.0",
				"bip32": "^2.0.6",
				"bip38": "^3.1.1",
				"bip39": "^3.0.3",
				"keytar": "^7.1.0",
				"node-forge": "^0.10.0",
				"safe-buffer": "^5.2.1",
				"string-crypto": "^2.0.1"
			},
			"engines": {
				"node": ">=12.x"
			}
		},
		"../platform-sdk-intl": {
			"version": "3.0.26",
			"license": "MIT",
			"dependencies": {
				"dayjs": "^1.9.6",
				"dinero.js": "^1.8.1"
			},
			"engines": {
				"node": ">=12.x"
			}
		},
		"../platform-sdk-markets": {
			"version": "3.0.26",
			"license": "MIT",
			"dependencies": {
				"@arkecosystem/platform-sdk": "file:../platform-sdk",
				"@arkecosystem/platform-sdk-coincap": "file:../platform-sdk-coincap",
				"@arkecosystem/platform-sdk-coingecko": "file:../platform-sdk-coingecko",
				"@arkecosystem/platform-sdk-cryptocompare": "file:../platform-sdk-cryptocompare"
			},
			"engines": {
				"node": ">=12.x"
			}
		},
		"../platform-sdk-support": {
			"version": "3.0.26",
			"license": "MIT",
			"dependencies": {
				"bad-words": "^3.0.3",
				"bignumber.js": "^9.0.1",
				"censorify-it": "^3.0.2",
				"dot-prop": "^5.0.0",
				"front-matter": "^4.0.2",
				"joi": "^17.3.0",
				"qrcode": "^1.4.4",
				"remarkable": "^2.0.1"
			},
			"engines": {
				"node": ">=12.x"
			}
		},
		"node_modules/@arkecosystem/platform-sdk": {
			"resolved": "../platform-sdk",
			"link": true
		},
		"node_modules/@arkecosystem/platform-sdk-crypto": {
			"resolved": "../platform-sdk-crypto",
			"link": true
		},
		"node_modules/@arkecosystem/platform-sdk-intl": {
			"resolved": "../platform-sdk-intl",
			"link": true
		},
		"node_modules/@arkecosystem/platform-sdk-markets": {
			"resolved": "../platform-sdk-markets",
			"link": true
		},
		"node_modules/@arkecosystem/platform-sdk-support": {
			"resolved": "../platform-sdk-support",
			"link": true
		},
		"node_modules/@arkecosystem/utils": {
			"version": "1.3.0",
			"resolved": "https://registry.npmjs.org/@arkecosystem/utils/-/utils-1.3.0.tgz",
			"integrity": "sha512-H3QlzZRHE6NXh5hJXGAAHdPGGq9VemgblpMcRixDYLEzpB9tP3S1AM3uNCr5KSjP+B6QuGt3B4yYTdzgQEvZ9A==",
			"dependencies": {
				"@hapi/bourne": "^2.0.0",
				"deepmerge": "^4.2.2",
				"fast-copy": "^2.1.0",
				"fast-deep-equal": "^3.1.3",
				"fast-sort": "^2.2.0",
				"type-fest": "^0.17.0"
			},
			"engines": {
				"node": ">=10.x"
			}
		},
		"node_modules/@arkecosystem/utils/node_modules/type-fest": {
			"version": "0.17.0",
			"resolved": "https://registry.npmjs.org/type-fest/-/type-fest-0.17.0.tgz",
			"integrity": "sha512-EFi9HE4hHj85XnVV80uAUMgICQmhxYgiEvtmfpcD6jqn6zYr36HxAU6k+i/DSY28TK7/lYL0s4v/kWmiKdqaoA==",
			"engines": {
				"node": ">=10"
			},
			"funding": {
				"url": "https://github.com/sponsors/sindresorhus"
			}
		},
		"node_modules/@hapi/bourne": {
			"version": "2.0.0",
			"resolved": "https://registry.npmjs.org/@hapi/bourne/-/bourne-2.0.0.tgz",
			"integrity": "sha512-WEezM1FWztfbzqIUbsDzFRVMxSoLy3HugVcux6KDDtTqzPsLE8NDRHfXvev66aH1i2oOKKar3/XDjbvh/OUBdg=="
		},
		"node_modules/@hapi/hoek": {
			"version": "9.1.1",
			"resolved": "https://registry.npmjs.org/@hapi/hoek/-/hoek-9.1.1.tgz",
			"integrity": "sha512-CAEbWH7OIur6jEOzaai83jq3FmKmv4PmX1JYfs9IrYcGEVI/lyL1EXJGCj7eFVJ0bg5QR8LMxBlEtA+xKiLpFw=="
		},
		"node_modules/@hapi/topo": {
			"version": "5.0.0",
			"resolved": "https://registry.npmjs.org/@hapi/topo/-/topo-5.0.0.tgz",
			"integrity": "sha512-tFJlT47db0kMqVm3H4nQYgn6Pwg10GTZHb1pwmSiv1K4ks6drQOtfEF5ZnPjkvC+y4/bUPHK+bc87QvLcL+WMw==",
			"dependencies": {
				"@hapi/hoek": "^9.0.0"
			}
		},
		"node_modules/@sideway/address": {
			"version": "4.1.1",
			"resolved": "https://registry.npmjs.org/@sideway/address/-/address-4.1.1.tgz",
			"integrity": "sha512-+I5aaQr3m0OAmMr7RQ3fR9zx55sejEYR2BFJaxL+zT3VM2611X0SHvPWIbAUBZVTn/YzYKbV8gJ2oT/QELknfQ==",
			"dependencies": {
				"@hapi/hoek": "^9.0.0"
			}
		},
		"node_modules/@sideway/formula": {
			"version": "3.0.0",
			"resolved": "https://registry.npmjs.org/@sideway/formula/-/formula-3.0.0.tgz",
			"integrity": "sha512-vHe7wZ4NOXVfkoRb8T5otiENVlT7a3IAiw7H5M2+GO+9CDgcVUUsX1zalAztCmwyOr2RUTGJdgB+ZvSVqmdHmg=="
		},
		"node_modules/@sideway/pinpoint": {
			"version": "2.0.0",
			"resolved": "https://registry.npmjs.org/@sideway/pinpoint/-/pinpoint-2.0.0.tgz",
			"integrity": "sha512-RNiOoTPkptFtSVzQevY/yWtZwf/RxyVnPy/OcA9HBM3MlGDnBEYL5B41H0MTn0Uec8Hi+2qUtTfG2WWZBmMejQ=="
		},
		"node_modules/@sindresorhus/slugify": {
			"version": "1.1.0",
			"resolved": "https://registry.npmjs.org/@sindresorhus/slugify/-/slugify-1.1.0.tgz",
			"integrity": "sha512-ujZRbmmizX26yS/HnB3P9QNlNa4+UvHh+rIse3RbOXLp8yl6n1TxB4t7NHggtVgS8QmmOtzXo48kCxZGACpkPw==",
			"dependencies": {
				"@sindresorhus/transliterate": "^0.1.1",
				"escape-string-regexp": "^4.0.0"
			},
			"engines": {
				"node": ">=10"
			},
			"funding": {
				"url": "https://github.com/sponsors/sindresorhus"
			}
		},
		"node_modules/@sindresorhus/transliterate": {
			"version": "0.1.1",
			"resolved": "https://registry.npmjs.org/@sindresorhus/transliterate/-/transliterate-0.1.1.tgz",
			"integrity": "sha512-QSdIQ5keUFAZ3KLbfbsntW39ox0Ym8183RqTwBq/ZEFoN3NQAtGV+qWaNdzKpIDHgj9J2CQ2iNDRVU11Zyr7MQ==",
			"dependencies": {
				"escape-string-regexp": "^2.0.0",
				"lodash.deburr": "^4.1.0"
			},
			"engines": {
				"node": ">=10"
			},
			"funding": {
				"url": "https://github.com/sponsors/sindresorhus"
			}
		},
		"node_modules/@sindresorhus/transliterate/node_modules/escape-string-regexp": {
			"version": "2.0.0",
			"resolved": "https://registry.npmjs.org/escape-string-regexp/-/escape-string-regexp-2.0.0.tgz",
			"integrity": "sha512-UpzcLCXolUWcNu5HtVMHYdXJjArjsF9C0aNnquZYY4uW/Vu0miy5YoWvbV345HauVvcAUnpRuhMMcqTcGOY2+w==",
			"engines": {
				"node": ">=8"
			}
		},
		"node_modules/@types/retry": {
			"version": "0.12.0",
			"resolved": "https://registry.npmjs.org/@types/retry/-/retry-0.12.0.tgz",
			"integrity": "sha512-wWKOClTTiizcZhXnPY4wikVAwmdYHp8q6DmC+EJUzAMsycb7HB32Kh9RN4+0gExjmPmZSAQjgURXIGATPegAvA=="
		},
		"node_modules/@vechain/picasso": {
			"version": "2.1.1",
			"resolved": "https://registry.npmjs.org/@vechain/picasso/-/picasso-2.1.1.tgz",
			"integrity": "sha512-SOH35A4jxmxQeIn+Q6qA2X+ivRKDE+9n/gvLgCQnacsJrrwh/tSinUbhj9KnfU4ixm+g1aRgTm0IYuz1/uS+uw==",
			"dependencies": {
				"mersenne-twister": "^1.1.0"
			}
		},
		"node_modules/base-x": {
			"version": "3.0.8",
			"resolved": "https://registry.npmjs.org/base-x/-/base-x-3.0.8.tgz",
			"integrity": "sha512-Rl/1AWP4J/zRrk54hhlxH4drNxPJXYUaKffODVI53/dAsV4t9fBxyxYKAVPU1XBHxYwOWP9h9H0hM2MVw4YfJA==",
			"dependencies": {
				"safe-buffer": "^5.0.1"
			}
		},
		"node_modules/bcrypto": {
			"version": "5.4.0",
			"resolved": "https://registry.npmjs.org/bcrypto/-/bcrypto-5.4.0.tgz",
			"integrity": "sha512-KDX2CR29o6ZoqpQndcCxFZAtYA1jDMnXU3jmCfzP44g++Cu7AHHtZN/JbrN/MXAg9SLvtQ8XISG+eVD9zH1+Jg==",
			"hasInstallScript": true,
			"dependencies": {
				"bufio": "~1.0.7",
				"loady": "~0.0.5"
			},
			"engines": {
				"node": ">=8.0.0"
			}
		},
		"node_modules/bigi": {
			"version": "1.4.2",
			"resolved": "https://registry.npmjs.org/bigi/-/bigi-1.4.2.tgz",
			"integrity": "sha1-nGZalfiLiwj8Bc/XMfVhhZ1yWCU="
		},
		"node_modules/bip38": {
			"version": "3.1.1",
			"resolved": "https://registry.npmjs.org/bip38/-/bip38-3.1.1.tgz",
			"integrity": "sha512-d5AQWuXS95rdrEBnaKeZ9osMkvDR3QDULbAfoE7xRw0W8jfDrza9CsZwf+UhqjV6lbbfaWCrJIu5uObJlfo5Rw==",
			"dependencies": {
				"bigi": "^1.2.0",
				"browserify-aes": "^1.0.1",
				"bs58check": "<3.0.0",
				"buffer-xor": "^1.0.2",
				"create-hash": "^1.1.1",
				"ecurve": "^1.0.0",
				"safe-buffer": "~5.1.1",
				"scryptsy": "^2.1.0"
			}
		},
		"node_modules/browserify-aes": {
			"version": "1.2.0",
			"resolved": "https://registry.npmjs.org/browserify-aes/-/browserify-aes-1.2.0.tgz",
			"integrity": "sha512-+7CHXqGuspUn/Sl5aO7Ea0xWGAtETPXNSAjHo48JfLdPWcMng33Xe4znFvQweqc/uzk5zSOI3H52CYnjCfb5hA==",
			"dependencies": {
				"buffer-xor": "^1.0.3",
				"cipher-base": "^1.0.0",
				"create-hash": "^1.1.0",
				"evp_bytestokey": "^1.0.3",
				"inherits": "^2.0.1",
				"safe-buffer": "^5.0.1"
			}
		},
		"node_modules/bs58": {
			"version": "4.0.1",
			"resolved": "https://registry.npmjs.org/bs58/-/bs58-4.0.1.tgz",
			"integrity": "sha1-vhYedsNU9veIrkBx9j806MTwpCo=",
			"dependencies": {
				"base-x": "^3.0.2"
			}
		},
		"node_modules/bs58check": {
			"version": "2.1.2",
			"resolved": "https://registry.npmjs.org/bs58check/-/bs58check-2.1.2.tgz",
			"integrity": "sha512-0TS1jicxdU09dwJMNZtVAfzPi6Q6QeN0pM1Fkzrjn+XYHvzMKPU3pHVpva+769iNVSfIYWf7LJ6WR+BuuMf8cA==",
			"dependencies": {
				"bs58": "^4.0.0",
				"create-hash": "^1.1.0",
				"safe-buffer": "^5.1.2"
			}
		},
		"node_modules/buffer-xor": {
			"version": "1.0.3",
			"resolved": "https://registry.npmjs.org/buffer-xor/-/buffer-xor-1.0.3.tgz",
			"integrity": "sha1-JuYe0UIvtw3ULm42cp7VHYVf6Nk="
		},
		"node_modules/bufio": {
			"version": "1.0.7",
			"resolved": "https://registry.npmjs.org/bufio/-/bufio-1.0.7.tgz",
			"integrity": "sha512-bd1dDQhiC+bEbEfg56IdBv7faWa6OipMs/AFFFvtFnB3wAYjlwQpQRZ0pm6ZkgtfL0pILRXhKxOiQj6UzoMR7A==",
			"engines": {
				"node": ">=8.0.0"
			}
		},
		"node_modules/cipher-base": {
			"version": "1.0.4",
			"resolved": "https://registry.npmjs.org/cipher-base/-/cipher-base-1.0.4.tgz",
			"integrity": "sha512-Kkht5ye6ZGmwv40uUDZztayT2ThLQGfnj/T71N/XzeZeo3nf8foyW7zGTsPYkEya3m5f3cAypH+qe7YOrM1U2Q==",
			"dependencies": {
				"inherits": "^2.0.1",
				"safe-buffer": "^5.0.1"
			}
		},
		"node_modules/clone": {
			"version": "2.1.2",
			"resolved": "https://registry.npmjs.org/clone/-/clone-2.1.2.tgz",
			"integrity": "sha1-G39Ln1kfHo+DZwQBYANFoCiHQ18=",
			"engines": {
				"node": ">=0.8"
			}
		},
		"node_modules/create-hash": {
			"version": "1.2.0",
			"resolved": "https://registry.npmjs.org/create-hash/-/create-hash-1.2.0.tgz",
			"integrity": "sha512-z00bCGNHDG8mHAkP7CtT1qVu+bFQUPjYq/4Iv3C3kWjTFV10zIjfSoeqXo9Asws8gwSHDGj/hl2u4OGIjapeCg==",
			"dependencies": {
				"cipher-base": "^1.0.1",
				"inherits": "^2.0.1",
				"md5.js": "^1.3.4",
				"ripemd160": "^2.0.1",
				"sha.js": "^2.4.0"
			}
		},
		"node_modules/deepmerge": {
			"version": "4.2.2",
			"resolved": "https://registry.npmjs.org/deepmerge/-/deepmerge-4.2.2.tgz",
			"integrity": "sha512-FJ3UgI4gIl+PHZm53knsuSFpE+nESMr7M4v9QcgB7S63Kj/6WqMiFQJpBBYz1Pt+66bZpP3Q7Lye0Oo9MPKEdg==",
			"engines": {
				"node": ">=0.10.0"
			}
		},
		"node_modules/dot-prop": {
			"version": "5.3.0",
			"resolved": "https://registry.npmjs.org/dot-prop/-/dot-prop-5.3.0.tgz",
			"integrity": "sha512-QM8q3zDe58hqUqjraQOmzZ1LIH9SWQJTlEKCH4kJ2oQvLZk7RbQXvtDM2XEq3fwkV9CCvvH4LA0AV+ogFsBM2Q==",
			"dependencies": {
				"is-obj": "^2.0.0"
			},
			"engines": {
				"node": ">=8"
			}
		},
		"node_modules/ecurve": {
			"version": "1.0.6",
			"resolved": "https://registry.npmjs.org/ecurve/-/ecurve-1.0.6.tgz",
			"integrity": "sha512-/BzEjNfiSuB7jIWKcS/z8FK9jNjmEWvUV2YZ4RLSmcDtP7Lq0m6FvDuSnJpBlDpGRpfRQeTLGLBI8H+kEv0r+w==",
			"dependencies": {
				"bigi": "^1.1.0",
				"safe-buffer": "^5.0.1"
			}
		},
		"node_modules/escape-string-regexp": {
			"version": "4.0.0",
			"resolved": "https://registry.npmjs.org/escape-string-regexp/-/escape-string-regexp-4.0.0.tgz",
			"integrity": "sha512-TtpcNJ3XAzx3Gq8sWRzJaVajRs0uVxA2YAkdb1jm2YkPz4G6egUFAyA3n5vtEIZefPk5Wa4UXbKuS5fKkJWdgA==",
			"engines": {
				"node": ">=10"
			},
			"funding": {
				"url": "https://github.com/sponsors/sindresorhus"
			}
		},
		"node_modules/eventemitter3": {
			"version": "4.0.7",
			"resolved": "https://registry.npmjs.org/eventemitter3/-/eventemitter3-4.0.7.tgz",
			"integrity": "sha512-8guHBZCwKnFhYdHr2ysuRWErTwhoN2X8XELRlrRwpmfeY2jjuUN4taQMsULKUVo1K4DvZl+0pgfyoysHxvmvEw=="
		},
		"node_modules/evp_bytestokey": {
			"version": "1.0.3",
			"resolved": "https://registry.npmjs.org/evp_bytestokey/-/evp_bytestokey-1.0.3.tgz",
			"integrity": "sha512-/f2Go4TognH/KvCISP7OUsHn85hT9nUkxxA9BEWxFn+Oj9o8ZNLm/40hdlgSLyuOimsrTKLUMEorQexp/aPQeA==",
			"dependencies": {
				"md5.js": "^1.3.4",
				"safe-buffer": "^5.1.1"
			}
		},
		"node_modules/fast-copy": {
			"version": "2.1.1",
			"resolved": "https://registry.npmjs.org/fast-copy/-/fast-copy-2.1.1.tgz",
			"integrity": "sha512-Qod3DdRgFZ8GUIM6ygeoZYpQ0QLW9cf/FS9KhhjlYggcSZXWAemAw8BOCO5LuYCrR3Uj3qXDVTUzOUwG8C7beQ=="
		},
		"node_modules/fast-deep-equal": {
			"version": "3.1.3",
			"resolved": "https://registry.npmjs.org/fast-deep-equal/-/fast-deep-equal-3.1.3.tgz",
			"integrity": "sha512-f3qQ9oQy9j2AhBe/H9VC91wLmKBCCU/gDOnKNAYG5hswO7BLKj09Hc5HYNz9cGI++xlpDCIgDaitVs03ATR84Q=="
		},
		"node_modules/fast-sort": {
			"version": "2.2.0",
			"resolved": "https://registry.npmjs.org/fast-sort/-/fast-sort-2.2.0.tgz",
			"integrity": "sha512-W7zqnn2zsYoQA87FKmYtgOsbJohOrh7XrtZrCVHN5XZKqTBTv5UG+rSS3+iWbg/nepRQUOu+wnas8BwtK8kiCg=="
		},
		"node_modules/hash-base": {
			"version": "3.1.0",
			"resolved": "https://registry.npmjs.org/hash-base/-/hash-base-3.1.0.tgz",
			"integrity": "sha512-1nmYp/rhMDiE7AYkDw+lLwlAzz0AntGIe51F3RfFfEqyQ3feY2eI/NcwC6umIQVOASPMsWJLJScWKSSvzL9IVA==",
			"dependencies": {
				"inherits": "^2.0.4",
				"readable-stream": "^3.6.0",
				"safe-buffer": "^5.2.0"
			},
			"engines": {
				"node": ">=4"
			}
		},
		"node_modules/hash-base/node_modules/safe-buffer": {
			"version": "5.2.1",
			"resolved": "https://registry.npmjs.org/safe-buffer/-/safe-buffer-5.2.1.tgz",
			"integrity": "sha512-rp3So07KcdmmKbGvgaNxQSJr7bGVSVk5S9Eq1F+ppbRo70+YeaDxkw5Dd8NPN+GD6bjnYm2VuPuCXmpuYvmCXQ==",
			"funding": [
				{
					"type": "github",
					"url": "https://github.com/sponsors/feross"
				},
				{
					"type": "patreon",
					"url": "https://www.patreon.com/feross"
				},
				{
					"type": "consulting",
					"url": "https://feross.org/support"
				}
			]
		},
		"node_modules/immediate": {
			"version": "3.0.6",
			"resolved": "https://registry.npmjs.org/immediate/-/immediate-3.0.6.tgz",
			"integrity": "sha1-nbHb0Pr43m++D13V5Wu2BigN5ps="
		},
		"node_modules/inherits": {
			"version": "2.0.4",
			"resolved": "https://registry.npmjs.org/inherits/-/inherits-2.0.4.tgz",
			"integrity": "sha512-k/vGaX4/Yla3WzyMCvTQOXYeIHvqOKtnqBduzTHpzpQZzAskKMhZ2K+EnBiSM9zGSoIFeMpXKxa4dYeZIQqewQ=="
		},
		"node_modules/is-obj": {
			"version": "2.0.0",
			"resolved": "https://registry.npmjs.org/is-obj/-/is-obj-2.0.0.tgz",
			"integrity": "sha512-drqDG3cbczxxEJRoOXcOjtdp1J/lyp1mNn0xaznRs8+muBhgQcrnbspox5X5fOw0HnMnbfDzvnEMEtqDEJEo8w==",
			"engines": {
				"node": ">=8"
			}
		},
		"node_modules/joi": {
			"version": "17.4.0",
			"resolved": "https://registry.npmjs.org/joi/-/joi-17.4.0.tgz",
			"integrity": "sha512-F4WiW2xaV6wc1jxete70Rw4V/VuMd6IN+a5ilZsxG4uYtUXWu2kq9W5P2dz30e7Gmw8RCbY/u/uk+dMPma9tAg==",
			"dependencies": {
				"@hapi/hoek": "^9.0.0",
				"@hapi/topo": "^5.0.0",
				"@sideway/address": "^4.1.0",
				"@sideway/formula": "^3.0.0",
				"@sideway/pinpoint": "^2.0.0"
			}
		},
		"node_modules/lie": {
			"version": "3.1.1",
			"resolved": "https://registry.npmjs.org/lie/-/lie-3.1.1.tgz",
			"integrity": "sha1-mkNrLMd0bKWd56QfpGmz77dr2H4=",
			"dependencies": {
				"immediate": "~3.0.5"
			}
		},
		"node_modules/loady": {
			"version": "0.0.5",
			"resolved": "https://registry.npmjs.org/loady/-/loady-0.0.5.tgz",
			"integrity": "sha512-uxKD2HIj042/HBx77NBcmEPsD+hxCgAtjEWlYNScuUjIsh/62Uyu39GOR68TBR68v+jqDL9zfftCWoUo4y03sQ==",
			"engines": {
				"node": ">=8.0.0"
			}
		},
		"node_modules/localforage": {
			"version": "1.9.0",
			"resolved": "https://registry.npmjs.org/localforage/-/localforage-1.9.0.tgz",
			"integrity": "sha512-rR1oyNrKulpe+VM9cYmcFn6tsHuokyVHFaCM3+osEmxaHTbEk8oQu6eGDfS6DQLWi/N67XRmB8ECG37OES368g==",
			"dependencies": {
				"lie": "3.1.1"
			}
		},
		"node_modules/lodash.deburr": {
			"version": "4.1.0",
			"resolved": "https://registry.npmjs.org/lodash.deburr/-/lodash.deburr-4.1.0.tgz",
			"integrity": "sha1-3bG7s+8HRYwBd7oH3hRCLLAz/5s="
		},
		"node_modules/lru-cache": {
			"version": "6.0.0",
			"resolved": "https://registry.npmjs.org/lru-cache/-/lru-cache-6.0.0.tgz",
			"integrity": "sha512-Jo6dJ04CmSjuznwJSS3pUeWmd/H0ffTlkXXgwZi+eq1UCmqQwCh+eLsYOYCwY991i2Fah4h1BEMCx4qThGbsiA==",
			"dependencies": {
				"yallist": "^4.0.0"
			},
			"engines": {
				"node": ">=10"
			}
		},
		"node_modules/map-age-cleaner": {
			"version": "0.1.3",
			"resolved": "https://registry.npmjs.org/map-age-cleaner/-/map-age-cleaner-0.1.3.tgz",
			"integrity": "sha512-bJzx6nMoP6PDLPBFmg7+xRKeFZvFboMrGlxmNj9ClvX53KrmvM5bXFXEWjbz4cz1AFn+jWJ9z/DJSz7hrs0w3w==",
			"dependencies": {
				"p-defer": "^1.0.0"
			},
			"engines": {
				"node": ">=6"
			}
		},
		"node_modules/md5.js": {
			"version": "1.3.5",
			"resolved": "https://registry.npmjs.org/md5.js/-/md5.js-1.3.5.tgz",
			"integrity": "sha512-xitP+WxNPcTTOgnTJcrhM0xvdPepipPSf3I8EIpGKeFLjt3PlJLIDG3u8EX53ZIubkb+5U2+3rELYpEhHhzdkg==",
			"dependencies": {
				"hash-base": "^3.0.0",
				"inherits": "^2.0.1",
				"safe-buffer": "^5.1.2"
			}
		},
		"node_modules/mem": {
			"version": "8.0.0",
			"resolved": "https://registry.npmjs.org/mem/-/mem-8.0.0.tgz",
			"integrity": "sha512-qrcJOe6uD+EW8Wrci1Vdiua/15Xw3n/QnaNXE7varnB6InxSk7nu3/i5jfy3S6kWxr8WYJ6R1o0afMUtvorTsA==",
			"dependencies": {
				"map-age-cleaner": "^0.1.3",
				"mimic-fn": "^3.1.0"
			},
			"engines": {
				"node": ">=10"
			},
			"funding": {
				"url": "https://github.com/sindresorhus/mem?sponsor=1"
			}
		},
		"node_modules/mersenne-twister": {
			"version": "1.1.0",
			"resolved": "https://registry.npmjs.org/mersenne-twister/-/mersenne-twister-1.1.0.tgz",
			"integrity": "sha1-+RZhjuQ9cXnvz2Qb7EUx65Zwl4o="
		},
		"node_modules/mimic-fn": {
			"version": "3.1.0",
			"resolved": "https://registry.npmjs.org/mimic-fn/-/mimic-fn-3.1.0.tgz",
			"integrity": "sha512-Ysbi9uYW9hFyfrThdDEQuykN4Ey6BuwPD2kpI5ES/nFTDn/98yxYNLZJcgUAKPT/mcrLLKaGzJR9YVxJrIdASQ==",
			"engines": {
				"node": ">=8"
			}
		},
		"node_modules/node-cache": {
			"version": "5.1.2",
			"resolved": "https://registry.npmjs.org/node-cache/-/node-cache-5.1.2.tgz",
			"integrity": "sha512-t1QzWwnk4sjLWaQAS8CHgOJ+RAfmHpxFWmc36IWTiWHQfs0w5JDMBS1b1ZxQteo0vVVuWJvIUKHDkkeK7vIGCg==",
			"dependencies": {
				"clone": "2.x"
			},
			"engines": {
				"node": ">= 8.0.0"
			}
		},
		"node_modules/p-defer": {
			"version": "1.0.0",
			"resolved": "https://registry.npmjs.org/p-defer/-/p-defer-1.0.0.tgz",
			"integrity": "sha1-n26xgvbJqozXQwBKfU+WsZaw+ww=",
			"engines": {
				"node": ">=4"
			}
		},
		"node_modules/p-finally": {
			"version": "1.0.0",
			"resolved": "https://registry.npmjs.org/p-finally/-/p-finally-1.0.0.tgz",
			"integrity": "sha1-P7z7FbiZpEEjs0ttzBi3JDNqLK4=",
			"engines": {
				"node": ">=4"
			}
		},
		"node_modules/p-queue": {
			"version": "6.6.2",
			"resolved": "https://registry.npmjs.org/p-queue/-/p-queue-6.6.2.tgz",
			"integrity": "sha512-RwFpb72c/BhQLEXIZ5K2e+AhgNVmIejGlTgiB9MzZ0e93GRvqZ7uSi0dvRF7/XIXDeNkra2fNHBxTyPDGySpjQ==",
			"dependencies": {
				"eventemitter3": "^4.0.4",
				"p-timeout": "^3.2.0"
			},
			"engines": {
				"node": ">=8"
			},
			"funding": {
				"url": "https://github.com/sponsors/sindresorhus"
			}
		},
		"node_modules/p-retry": {
			"version": "4.4.0",
			"resolved": "https://registry.npmjs.org/p-retry/-/p-retry-4.4.0.tgz",
			"integrity": "sha512-gVB/tBsG+3AHI1SyDHRrX6n9ZL0Bcbifps9W9/Bgu3Oyu4/OrAh8SvDzDsvpP0oxfCt3oWNT+0fQ9LyUGwBTLg==",
			"dependencies": {
				"@types/retry": "^0.12.0",
				"retry": "^0.12.0"
			},
			"engines": {
				"node": ">=8"
			}
		},
		"node_modules/p-timeout": {
			"version": "3.2.0",
			"resolved": "https://registry.npmjs.org/p-timeout/-/p-timeout-3.2.0.tgz",
			"integrity": "sha512-rhIwUycgwwKcP9yTOOFK/AKsAopjjCakVqLHePO3CC6Mir1Z99xT+R63jZxAT5lFZLa2inS5h+ZS2GvR99/FBg==",
			"dependencies": {
				"p-finally": "^1.0.0"
			},
			"engines": {
				"node": ">=8"
			}
		},
		"node_modules/readable-stream": {
			"version": "3.6.0",
			"resolved": "https://registry.npmjs.org/readable-stream/-/readable-stream-3.6.0.tgz",
			"integrity": "sha512-BViHy7LKeTz4oNnkcLJ+lVSL6vpiFeX6/d3oSH8zCW7UxP2onchk+vTGB143xuFjHS3deTgkKoXXymXqymiIdA==",
			"dependencies": {
				"inherits": "^2.0.3",
				"string_decoder": "^1.1.1",
				"util-deprecate": "^1.0.1"
			},
			"engines": {
				"node": ">= 6"
			}
		},
		"node_modules/retry": {
			"version": "0.12.0",
			"resolved": "https://registry.npmjs.org/retry/-/retry-0.12.0.tgz",
			"integrity": "sha1-G0KmJmoh8HQh0bC1S33BZ7AcATs=",
			"engines": {
				"node": ">= 4"
			}
		},
		"node_modules/ripemd160": {
			"version": "2.0.2",
			"resolved": "https://registry.npmjs.org/ripemd160/-/ripemd160-2.0.2.tgz",
			"integrity": "sha512-ii4iagi25WusVoiC4B4lq7pbXfAp3D9v5CwfkY33vffw2+pkDjY1D8GaN7spsxvCSx8dkPqOZCEZyfxcmJG2IA==",
			"dependencies": {
				"hash-base": "^3.0.0",
				"inherits": "^2.0.1"
			}
		},
		"node_modules/safe-buffer": {
			"version": "5.1.2",
			"resolved": "https://registry.npmjs.org/safe-buffer/-/safe-buffer-5.1.2.tgz",
			"integrity": "sha512-Gd2UZBJDkXlY7GbJxfsE8/nvKkUEU1G38c1siN6QP6a9PT9MmHB8GnpscSmMJSoF8LOIrt8ud/wPtojys4G6+g=="
		},
		"node_modules/scryptsy": {
			"version": "2.1.0",
			"resolved": "https://registry.npmjs.org/scryptsy/-/scryptsy-2.1.0.tgz",
			"integrity": "sha512-1CdSqHQowJBnMAFyPEBRfqag/YP9OF394FV+4YREIJX4ljD7OxvQRDayyoyyCk+senRjSkP6VnUNQmVQqB6g7w=="
		},
		"node_modules/semver": {
			"version": "7.3.4",
			"resolved": "https://registry.npmjs.org/semver/-/semver-7.3.4.tgz",
			"integrity": "sha512-tCfb2WLjqFAtXn4KEdxIhalnRtoKFN7nAwj0B3ZXCbQloV2tq5eDbcTmT68JJD3nRJq24/XgxtQKFIpQdtvmVw==",
			"dependencies": {
				"lru-cache": "^6.0.0"
			},
			"bin": {
				"semver": "bin/semver.js"
			},
			"engines": {
				"node": ">=10"
			}
		},
		"node_modules/sha.js": {
			"version": "2.4.11",
			"resolved": "https://registry.npmjs.org/sha.js/-/sha.js-2.4.11.tgz",
			"integrity": "sha512-QMEp5B7cftE7APOjk5Y6xgrbWu+WkLVQwk8JNjZ8nKRciZaByEW6MubieAiToS7+dwvrjGhH8jRXz3MVd0AYqQ==",
			"dependencies": {
				"inherits": "^2.0.1",
				"safe-buffer": "^5.0.1"
			},
			"bin": {
				"sha.js": "bin.js"
			}
		},
		"node_modules/string_decoder": {
			"version": "1.3.0",
			"resolved": "https://registry.npmjs.org/string_decoder/-/string_decoder-1.3.0.tgz",
			"integrity": "sha512-hkRX8U1WjJFd8LsDJ2yQ/wWWxaopEsABU1XfkM8A+j0+85JAGppt16cr1Whg6KIbb4okU6Mql6BOj+uup/wKeA==",
			"dependencies": {
				"safe-buffer": "~5.2.0"
			}
		},
		"node_modules/string_decoder/node_modules/safe-buffer": {
			"version": "5.2.1",
			"resolved": "https://registry.npmjs.org/safe-buffer/-/safe-buffer-5.2.1.tgz",
			"integrity": "sha512-rp3So07KcdmmKbGvgaNxQSJr7bGVSVk5S9Eq1F+ppbRo70+YeaDxkw5Dd8NPN+GD6bjnYm2VuPuCXmpuYvmCXQ==",
			"funding": [
				{
					"type": "github",
					"url": "https://github.com/sponsors/feross"
				},
				{
					"type": "patreon",
					"url": "https://www.patreon.com/feross"
				},
				{
					"type": "consulting",
					"url": "https://feross.org/support"
				}
			]
		},
		"node_modules/type-fest": {
			"version": "0.18.1",
			"resolved": "https://registry.npmjs.org/type-fest/-/type-fest-0.18.1.tgz",
			"integrity": "sha512-OIAYXk8+ISY+qTOwkHtKqzAuxchoMiD9Udx+FSGQDuiRR+PJKJHc2NJAXlbhkGwTt/4/nKZxELY1w3ReWOL8mw==",
			"engines": {
				"node": ">=10"
			},
			"funding": {
				"url": "https://github.com/sponsors/sindresorhus"
			}
		},
		"node_modules/util-deprecate": {
			"version": "1.0.2",
			"resolved": "https://registry.npmjs.org/util-deprecate/-/util-deprecate-1.0.2.tgz",
			"integrity": "sha1-RQ1Nyfpw3nMnYvvS1KKJgUGaDM8="
		},
		"node_modules/uuid": {
			"version": "8.3.2",
			"resolved": "https://registry.npmjs.org/uuid/-/uuid-8.3.2.tgz",
			"integrity": "sha512-+NYs2QeMWy+GWFOEm9xnn6HCDp0l7QBD7ml8zLUmJ+93Q5NF0NocErnwkTkXVFNiX3/fpC6afS8Dhb/gz7R7eg==",
			"bin": {
				"uuid": "dist/bin/uuid"
			}
		},
		"node_modules/wif": {
			"version": "2.0.6",
			"resolved": "https://registry.npmjs.org/wif/-/wif-2.0.6.tgz",
			"integrity": "sha1-CNP1IFbGZnkplyb63g1DKudLRwQ=",
			"dependencies": {
				"bs58check": "<3.0.0"
			}
		},
		"node_modules/yallist": {
			"version": "4.0.0",
			"resolved": "https://registry.npmjs.org/yallist/-/yallist-4.0.0.tgz",
			"integrity": "sha512-3wdGidZyq5PB084XLES5TpOSRA3wjXAlIWMhum2kRcv/41Sn2emQ0dycQW4uZXLejwKvg6EsvbdlVL+FYEct7A=="
		}
	},
	"dependencies": {
		"@arkecosystem/platform-sdk": {
			"version": "file:../platform-sdk",
			"requires": {
				"@arkecosystem/platform-sdk-intl": "file:../platform-sdk-intl",
				"@arkecosystem/platform-sdk-support": "file:../platform-sdk-support",
				"bad-words": "^3.0.3",
				"bent": "^7.3",
				"bignumber.js": "^9.0.1",
				"bip32": "^2.0.6",
				"bip39": "^3.0.3",
				"censorify-it": "^3.0.2",
				"dayjs": "^1.9",
				"dot-prop": "^5.0.0",
				"joi": "^17.3.0",
				"node-emoji": "^1.10.0",
				"type-fest": "^0.18.1"
			}
		},
		"@arkecosystem/platform-sdk-crypto": {
			"version": "file:../platform-sdk-crypto",
			"requires": {
				"argon2-browser": "^1.15.2",
				"bcryptjs": "^2.4.3",
				"bcrypto": "^5.3.0",
				"bip32": "^2.0.6",
				"bip38": "^3.1.1",
				"bip39": "^3.0.3",
				"keytar": "^7.1.0",
				"node-forge": "^0.10.0",
				"safe-buffer": "^5.2.1",
				"string-crypto": "^2.0.1"
			}
		},
		"@arkecosystem/platform-sdk-intl": {
			"version": "file:../platform-sdk-intl",
			"requires": {
				"dayjs": "^1.9.6",
				"dinero.js": "^1.8.1"
			}
		},
		"@arkecosystem/platform-sdk-markets": {
			"version": "file:../platform-sdk-markets",
			"requires": {
				"@arkecosystem/platform-sdk": "file:../platform-sdk",
				"@arkecosystem/platform-sdk-coincap": "file:../platform-sdk-coincap",
				"@arkecosystem/platform-sdk-coingecko": "file:../platform-sdk-coingecko",
				"@arkecosystem/platform-sdk-cryptocompare": "file:../platform-sdk-cryptocompare"
			}
		},
		"@arkecosystem/platform-sdk-support": {
			"version": "file:../platform-sdk-support",
			"requires": {
				"bad-words": "^3.0.3",
				"bignumber.js": "^9.0.1",
				"censorify-it": "^3.0.2",
				"dot-prop": "^5.0.0",
				"front-matter": "^4.0.2",
				"joi": "^17.3.0",
				"qrcode": "^1.4.4",
				"remarkable": "^2.0.1"
			}
		},
		"@arkecosystem/utils": {
			"version": "1.3.0",
			"resolved": "https://registry.npmjs.org/@arkecosystem/utils/-/utils-1.3.0.tgz",
			"integrity": "sha512-H3QlzZRHE6NXh5hJXGAAHdPGGq9VemgblpMcRixDYLEzpB9tP3S1AM3uNCr5KSjP+B6QuGt3B4yYTdzgQEvZ9A==",
			"requires": {
				"@hapi/bourne": "^2.0.0",
				"deepmerge": "^4.2.2",
				"fast-copy": "^2.1.0",
				"fast-deep-equal": "^3.1.3",
				"fast-sort": "^2.2.0",
				"type-fest": "^0.17.0"
			},
			"dependencies": {
				"type-fest": {
					"version": "0.17.0",
					"resolved": "https://registry.npmjs.org/type-fest/-/type-fest-0.17.0.tgz",
					"integrity": "sha512-EFi9HE4hHj85XnVV80uAUMgICQmhxYgiEvtmfpcD6jqn6zYr36HxAU6k+i/DSY28TK7/lYL0s4v/kWmiKdqaoA=="
				}
			}
		},
		"@hapi/bourne": {
			"version": "2.0.0",
			"resolved": "https://registry.npmjs.org/@hapi/bourne/-/bourne-2.0.0.tgz",
			"integrity": "sha512-WEezM1FWztfbzqIUbsDzFRVMxSoLy3HugVcux6KDDtTqzPsLE8NDRHfXvev66aH1i2oOKKar3/XDjbvh/OUBdg=="
		},
		"@hapi/hoek": {
			"version": "9.1.1",
			"resolved": "https://registry.npmjs.org/@hapi/hoek/-/hoek-9.1.1.tgz",
			"integrity": "sha512-CAEbWH7OIur6jEOzaai83jq3FmKmv4PmX1JYfs9IrYcGEVI/lyL1EXJGCj7eFVJ0bg5QR8LMxBlEtA+xKiLpFw=="
		},
		"@hapi/topo": {
			"version": "5.0.0",
			"resolved": "https://registry.npmjs.org/@hapi/topo/-/topo-5.0.0.tgz",
			"integrity": "sha512-tFJlT47db0kMqVm3H4nQYgn6Pwg10GTZHb1pwmSiv1K4ks6drQOtfEF5ZnPjkvC+y4/bUPHK+bc87QvLcL+WMw==",
			"requires": {
				"@hapi/hoek": "^9.0.0"
			}
		},
		"@sideway/address": {
			"version": "4.1.1",
			"resolved": "https://registry.npmjs.org/@sideway/address/-/address-4.1.1.tgz",
			"integrity": "sha512-+I5aaQr3m0OAmMr7RQ3fR9zx55sejEYR2BFJaxL+zT3VM2611X0SHvPWIbAUBZVTn/YzYKbV8gJ2oT/QELknfQ==",
			"requires": {
				"@hapi/hoek": "^9.0.0"
			}
		},
		"@sideway/formula": {
			"version": "3.0.0",
			"resolved": "https://registry.npmjs.org/@sideway/formula/-/formula-3.0.0.tgz",
			"integrity": "sha512-vHe7wZ4NOXVfkoRb8T5otiENVlT7a3IAiw7H5M2+GO+9CDgcVUUsX1zalAztCmwyOr2RUTGJdgB+ZvSVqmdHmg=="
		},
		"@sideway/pinpoint": {
			"version": "2.0.0",
			"resolved": "https://registry.npmjs.org/@sideway/pinpoint/-/pinpoint-2.0.0.tgz",
			"integrity": "sha512-RNiOoTPkptFtSVzQevY/yWtZwf/RxyVnPy/OcA9HBM3MlGDnBEYL5B41H0MTn0Uec8Hi+2qUtTfG2WWZBmMejQ=="
		},
		"@sindresorhus/slugify": {
			"version": "1.1.0",
			"resolved": "https://registry.npmjs.org/@sindresorhus/slugify/-/slugify-1.1.0.tgz",
			"integrity": "sha512-ujZRbmmizX26yS/HnB3P9QNlNa4+UvHh+rIse3RbOXLp8yl6n1TxB4t7NHggtVgS8QmmOtzXo48kCxZGACpkPw==",
			"requires": {
				"@sindresorhus/transliterate": "^0.1.1",
				"escape-string-regexp": "^4.0.0"
			}
		},
		"@sindresorhus/transliterate": {
			"version": "0.1.1",
			"resolved": "https://registry.npmjs.org/@sindresorhus/transliterate/-/transliterate-0.1.1.tgz",
			"integrity": "sha512-QSdIQ5keUFAZ3KLbfbsntW39ox0Ym8183RqTwBq/ZEFoN3NQAtGV+qWaNdzKpIDHgj9J2CQ2iNDRVU11Zyr7MQ==",
			"requires": {
				"escape-string-regexp": "^2.0.0",
				"lodash.deburr": "^4.1.0"
			},
			"dependencies": {
				"escape-string-regexp": {
					"version": "2.0.0",
					"resolved": "https://registry.npmjs.org/escape-string-regexp/-/escape-string-regexp-2.0.0.tgz",
					"integrity": "sha512-UpzcLCXolUWcNu5HtVMHYdXJjArjsF9C0aNnquZYY4uW/Vu0miy5YoWvbV345HauVvcAUnpRuhMMcqTcGOY2+w=="
				}
			}
		},
		"@types/retry": {
			"version": "0.12.0",
			"resolved": "https://registry.npmjs.org/@types/retry/-/retry-0.12.0.tgz",
			"integrity": "sha512-wWKOClTTiizcZhXnPY4wikVAwmdYHp8q6DmC+EJUzAMsycb7HB32Kh9RN4+0gExjmPmZSAQjgURXIGATPegAvA=="
		},
		"@vechain/picasso": {
			"version": "2.1.1",
			"resolved": "https://registry.npmjs.org/@vechain/picasso/-/picasso-2.1.1.tgz",
			"integrity": "sha512-SOH35A4jxmxQeIn+Q6qA2X+ivRKDE+9n/gvLgCQnacsJrrwh/tSinUbhj9KnfU4ixm+g1aRgTm0IYuz1/uS+uw==",
			"requires": {
				"mersenne-twister": "^1.1.0"
			}
		},
		"base-x": {
			"version": "3.0.8",
			"resolved": "https://registry.npmjs.org/base-x/-/base-x-3.0.8.tgz",
			"integrity": "sha512-Rl/1AWP4J/zRrk54hhlxH4drNxPJXYUaKffODVI53/dAsV4t9fBxyxYKAVPU1XBHxYwOWP9h9H0hM2MVw4YfJA==",
			"requires": {
				"safe-buffer": "^5.0.1"
			}
		},
		"bcrypto": {
			"version": "5.4.0",
			"resolved": "https://registry.npmjs.org/bcrypto/-/bcrypto-5.4.0.tgz",
			"integrity": "sha512-KDX2CR29o6ZoqpQndcCxFZAtYA1jDMnXU3jmCfzP44g++Cu7AHHtZN/JbrN/MXAg9SLvtQ8XISG+eVD9zH1+Jg==",
			"requires": {
				"bufio": "~1.0.7",
				"loady": "~0.0.5"
			}
		},
		"bigi": {
			"version": "1.4.2",
			"resolved": "https://registry.npmjs.org/bigi/-/bigi-1.4.2.tgz",
			"integrity": "sha1-nGZalfiLiwj8Bc/XMfVhhZ1yWCU="
		},
		"bip38": {
			"version": "3.1.1",
			"resolved": "https://registry.npmjs.org/bip38/-/bip38-3.1.1.tgz",
			"integrity": "sha512-d5AQWuXS95rdrEBnaKeZ9osMkvDR3QDULbAfoE7xRw0W8jfDrza9CsZwf+UhqjV6lbbfaWCrJIu5uObJlfo5Rw==",
			"requires": {
				"bigi": "^1.2.0",
				"browserify-aes": "^1.0.1",
				"bs58check": "<3.0.0",
				"buffer-xor": "^1.0.2",
				"create-hash": "^1.1.1",
				"ecurve": "^1.0.0",
				"safe-buffer": "~5.1.1",
				"scryptsy": "^2.1.0"
			}
		},
		"browserify-aes": {
			"version": "1.2.0",
			"resolved": "https://registry.npmjs.org/browserify-aes/-/browserify-aes-1.2.0.tgz",
			"integrity": "sha512-+7CHXqGuspUn/Sl5aO7Ea0xWGAtETPXNSAjHo48JfLdPWcMng33Xe4znFvQweqc/uzk5zSOI3H52CYnjCfb5hA==",
			"requires": {
				"buffer-xor": "^1.0.3",
				"cipher-base": "^1.0.0",
				"create-hash": "^1.1.0",
				"evp_bytestokey": "^1.0.3",
				"inherits": "^2.0.1",
				"safe-buffer": "^5.0.1"
			}
		},
		"bs58": {
			"version": "4.0.1",
			"resolved": "https://registry.npmjs.org/bs58/-/bs58-4.0.1.tgz",
			"integrity": "sha1-vhYedsNU9veIrkBx9j806MTwpCo=",
			"requires": {
				"base-x": "^3.0.2"
			}
		},
		"bs58check": {
			"version": "2.1.2",
			"resolved": "https://registry.npmjs.org/bs58check/-/bs58check-2.1.2.tgz",
			"integrity": "sha512-0TS1jicxdU09dwJMNZtVAfzPi6Q6QeN0pM1Fkzrjn+XYHvzMKPU3pHVpva+769iNVSfIYWf7LJ6WR+BuuMf8cA==",
			"requires": {
				"bs58": "^4.0.0",
				"create-hash": "^1.1.0",
				"safe-buffer": "^5.1.2"
			}
		},
		"buffer-xor": {
			"version": "1.0.3",
			"resolved": "https://registry.npmjs.org/buffer-xor/-/buffer-xor-1.0.3.tgz",
			"integrity": "sha1-JuYe0UIvtw3ULm42cp7VHYVf6Nk="
		},
		"bufio": {
			"version": "1.0.7",
			"resolved": "https://registry.npmjs.org/bufio/-/bufio-1.0.7.tgz",
			"integrity": "sha512-bd1dDQhiC+bEbEfg56IdBv7faWa6OipMs/AFFFvtFnB3wAYjlwQpQRZ0pm6ZkgtfL0pILRXhKxOiQj6UzoMR7A=="
		},
		"cipher-base": {
			"version": "1.0.4",
			"resolved": "https://registry.npmjs.org/cipher-base/-/cipher-base-1.0.4.tgz",
			"integrity": "sha512-Kkht5ye6ZGmwv40uUDZztayT2ThLQGfnj/T71N/XzeZeo3nf8foyW7zGTsPYkEya3m5f3cAypH+qe7YOrM1U2Q==",
			"requires": {
				"inherits": "^2.0.1",
				"safe-buffer": "^5.0.1"
			}
		},
		"clone": {
			"version": "2.1.2",
			"resolved": "https://registry.npmjs.org/clone/-/clone-2.1.2.tgz",
			"integrity": "sha1-G39Ln1kfHo+DZwQBYANFoCiHQ18="
		},
		"create-hash": {
			"version": "1.2.0",
			"resolved": "https://registry.npmjs.org/create-hash/-/create-hash-1.2.0.tgz",
			"integrity": "sha512-z00bCGNHDG8mHAkP7CtT1qVu+bFQUPjYq/4Iv3C3kWjTFV10zIjfSoeqXo9Asws8gwSHDGj/hl2u4OGIjapeCg==",
			"requires": {
				"cipher-base": "^1.0.1",
				"inherits": "^2.0.1",
				"md5.js": "^1.3.4",
				"ripemd160": "^2.0.1",
				"sha.js": "^2.4.0"
			}
		},
		"deepmerge": {
			"version": "4.2.2",
			"resolved": "https://registry.npmjs.org/deepmerge/-/deepmerge-4.2.2.tgz",
			"integrity": "sha512-FJ3UgI4gIl+PHZm53knsuSFpE+nESMr7M4v9QcgB7S63Kj/6WqMiFQJpBBYz1Pt+66bZpP3Q7Lye0Oo9MPKEdg=="
		},
		"dot-prop": {
			"version": "5.3.0",
			"resolved": "https://registry.npmjs.org/dot-prop/-/dot-prop-5.3.0.tgz",
			"integrity": "sha512-QM8q3zDe58hqUqjraQOmzZ1LIH9SWQJTlEKCH4kJ2oQvLZk7RbQXvtDM2XEq3fwkV9CCvvH4LA0AV+ogFsBM2Q==",
			"requires": {
				"is-obj": "^2.0.0"
			}
		},
		"ecurve": {
			"version": "1.0.6",
			"resolved": "https://registry.npmjs.org/ecurve/-/ecurve-1.0.6.tgz",
			"integrity": "sha512-/BzEjNfiSuB7jIWKcS/z8FK9jNjmEWvUV2YZ4RLSmcDtP7Lq0m6FvDuSnJpBlDpGRpfRQeTLGLBI8H+kEv0r+w==",
			"requires": {
				"bigi": "^1.1.0",
				"safe-buffer": "^5.0.1"
			}
		},
		"escape-string-regexp": {
			"version": "4.0.0",
			"resolved": "https://registry.npmjs.org/escape-string-regexp/-/escape-string-regexp-4.0.0.tgz",
			"integrity": "sha512-TtpcNJ3XAzx3Gq8sWRzJaVajRs0uVxA2YAkdb1jm2YkPz4G6egUFAyA3n5vtEIZefPk5Wa4UXbKuS5fKkJWdgA=="
		},
		"eventemitter3": {
			"version": "4.0.7",
			"resolved": "https://registry.npmjs.org/eventemitter3/-/eventemitter3-4.0.7.tgz",
			"integrity": "sha512-8guHBZCwKnFhYdHr2ysuRWErTwhoN2X8XELRlrRwpmfeY2jjuUN4taQMsULKUVo1K4DvZl+0pgfyoysHxvmvEw=="
		},
		"evp_bytestokey": {
			"version": "1.0.3",
			"resolved": "https://registry.npmjs.org/evp_bytestokey/-/evp_bytestokey-1.0.3.tgz",
			"integrity": "sha512-/f2Go4TognH/KvCISP7OUsHn85hT9nUkxxA9BEWxFn+Oj9o8ZNLm/40hdlgSLyuOimsrTKLUMEorQexp/aPQeA==",
			"requires": {
				"md5.js": "^1.3.4",
				"safe-buffer": "^5.1.1"
			}
		},
		"fast-copy": {
			"version": "2.1.1",
			"resolved": "https://registry.npmjs.org/fast-copy/-/fast-copy-2.1.1.tgz",
			"integrity": "sha512-Qod3DdRgFZ8GUIM6ygeoZYpQ0QLW9cf/FS9KhhjlYggcSZXWAemAw8BOCO5LuYCrR3Uj3qXDVTUzOUwG8C7beQ=="
		},
		"fast-deep-equal": {
			"version": "3.1.3",
			"resolved": "https://registry.npmjs.org/fast-deep-equal/-/fast-deep-equal-3.1.3.tgz",
			"integrity": "sha512-f3qQ9oQy9j2AhBe/H9VC91wLmKBCCU/gDOnKNAYG5hswO7BLKj09Hc5HYNz9cGI++xlpDCIgDaitVs03ATR84Q=="
		},
		"fast-sort": {
			"version": "2.2.0",
			"resolved": "https://registry.npmjs.org/fast-sort/-/fast-sort-2.2.0.tgz",
			"integrity": "sha512-W7zqnn2zsYoQA87FKmYtgOsbJohOrh7XrtZrCVHN5XZKqTBTv5UG+rSS3+iWbg/nepRQUOu+wnas8BwtK8kiCg=="
		},
		"hash-base": {
			"version": "3.1.0",
			"resolved": "https://registry.npmjs.org/hash-base/-/hash-base-3.1.0.tgz",
			"integrity": "sha512-1nmYp/rhMDiE7AYkDw+lLwlAzz0AntGIe51F3RfFfEqyQ3feY2eI/NcwC6umIQVOASPMsWJLJScWKSSvzL9IVA==",
			"requires": {
				"inherits": "^2.0.4",
				"readable-stream": "^3.6.0",
				"safe-buffer": "^5.2.0"
			},
			"dependencies": {
				"safe-buffer": {
					"version": "5.2.1",
					"resolved": "https://registry.npmjs.org/safe-buffer/-/safe-buffer-5.2.1.tgz",
					"integrity": "sha512-rp3So07KcdmmKbGvgaNxQSJr7bGVSVk5S9Eq1F+ppbRo70+YeaDxkw5Dd8NPN+GD6bjnYm2VuPuCXmpuYvmCXQ=="
				}
			}
		},
		"immediate": {
			"version": "3.0.6",
			"resolved": "https://registry.npmjs.org/immediate/-/immediate-3.0.6.tgz",
			"integrity": "sha1-nbHb0Pr43m++D13V5Wu2BigN5ps="
		},
		"inherits": {
			"version": "2.0.4",
			"resolved": "https://registry.npmjs.org/inherits/-/inherits-2.0.4.tgz",
			"integrity": "sha512-k/vGaX4/Yla3WzyMCvTQOXYeIHvqOKtnqBduzTHpzpQZzAskKMhZ2K+EnBiSM9zGSoIFeMpXKxa4dYeZIQqewQ=="
		},
		"is-obj": {
			"version": "2.0.0",
			"resolved": "https://registry.npmjs.org/is-obj/-/is-obj-2.0.0.tgz",
			"integrity": "sha512-drqDG3cbczxxEJRoOXcOjtdp1J/lyp1mNn0xaznRs8+muBhgQcrnbspox5X5fOw0HnMnbfDzvnEMEtqDEJEo8w=="
		},
		"joi": {
			"version": "17.4.0",
			"resolved": "https://registry.npmjs.org/joi/-/joi-17.4.0.tgz",
			"integrity": "sha512-F4WiW2xaV6wc1jxete70Rw4V/VuMd6IN+a5ilZsxG4uYtUXWu2kq9W5P2dz30e7Gmw8RCbY/u/uk+dMPma9tAg==",
			"requires": {
				"@hapi/hoek": "^9.0.0",
				"@hapi/topo": "^5.0.0",
				"@sideway/address": "^4.1.0",
				"@sideway/formula": "^3.0.0",
				"@sideway/pinpoint": "^2.0.0"
			}
		},
		"lie": {
			"version": "3.1.1",
			"resolved": "https://registry.npmjs.org/lie/-/lie-3.1.1.tgz",
			"integrity": "sha1-mkNrLMd0bKWd56QfpGmz77dr2H4=",
			"requires": {
				"immediate": "~3.0.5"
			}
		},
		"loady": {
			"version": "0.0.5",
			"resolved": "https://registry.npmjs.org/loady/-/loady-0.0.5.tgz",
			"integrity": "sha512-uxKD2HIj042/HBx77NBcmEPsD+hxCgAtjEWlYNScuUjIsh/62Uyu39GOR68TBR68v+jqDL9zfftCWoUo4y03sQ=="
		},
		"localforage": {
			"version": "1.9.0",
			"resolved": "https://registry.npmjs.org/localforage/-/localforage-1.9.0.tgz",
			"integrity": "sha512-rR1oyNrKulpe+VM9cYmcFn6tsHuokyVHFaCM3+osEmxaHTbEk8oQu6eGDfS6DQLWi/N67XRmB8ECG37OES368g==",
			"requires": {
				"lie": "3.1.1"
			}
		},
		"lodash.deburr": {
			"version": "4.1.0",
			"resolved": "https://registry.npmjs.org/lodash.deburr/-/lodash.deburr-4.1.0.tgz",
			"integrity": "sha1-3bG7s+8HRYwBd7oH3hRCLLAz/5s="
		},
		"lru-cache": {
			"version": "6.0.0",
			"resolved": "https://registry.npmjs.org/lru-cache/-/lru-cache-6.0.0.tgz",
			"integrity": "sha512-Jo6dJ04CmSjuznwJSS3pUeWmd/H0ffTlkXXgwZi+eq1UCmqQwCh+eLsYOYCwY991i2Fah4h1BEMCx4qThGbsiA==",
			"requires": {
				"yallist": "^4.0.0"
			}
		},
		"map-age-cleaner": {
			"version": "0.1.3",
			"resolved": "https://registry.npmjs.org/map-age-cleaner/-/map-age-cleaner-0.1.3.tgz",
			"integrity": "sha512-bJzx6nMoP6PDLPBFmg7+xRKeFZvFboMrGlxmNj9ClvX53KrmvM5bXFXEWjbz4cz1AFn+jWJ9z/DJSz7hrs0w3w==",
			"requires": {
				"p-defer": "^1.0.0"
			}
		},
		"md5.js": {
			"version": "1.3.5",
			"resolved": "https://registry.npmjs.org/md5.js/-/md5.js-1.3.5.tgz",
			"integrity": "sha512-xitP+WxNPcTTOgnTJcrhM0xvdPepipPSf3I8EIpGKeFLjt3PlJLIDG3u8EX53ZIubkb+5U2+3rELYpEhHhzdkg==",
			"requires": {
				"hash-base": "^3.0.0",
				"inherits": "^2.0.1",
				"safe-buffer": "^5.1.2"
			}
		},
		"mem": {
			"version": "8.0.0",
			"resolved": "https://registry.npmjs.org/mem/-/mem-8.0.0.tgz",
			"integrity": "sha512-qrcJOe6uD+EW8Wrci1Vdiua/15Xw3n/QnaNXE7varnB6InxSk7nu3/i5jfy3S6kWxr8WYJ6R1o0afMUtvorTsA==",
			"requires": {
				"map-age-cleaner": "^0.1.3",
				"mimic-fn": "^3.1.0"
			}
		},
		"mersenne-twister": {
			"version": "1.1.0",
			"resolved": "https://registry.npmjs.org/mersenne-twister/-/mersenne-twister-1.1.0.tgz",
			"integrity": "sha1-+RZhjuQ9cXnvz2Qb7EUx65Zwl4o="
		},
		"mimic-fn": {
			"version": "3.1.0",
			"resolved": "https://registry.npmjs.org/mimic-fn/-/mimic-fn-3.1.0.tgz",
			"integrity": "sha512-Ysbi9uYW9hFyfrThdDEQuykN4Ey6BuwPD2kpI5ES/nFTDn/98yxYNLZJcgUAKPT/mcrLLKaGzJR9YVxJrIdASQ=="
		},
		"node-cache": {
			"version": "5.1.2",
			"resolved": "https://registry.npmjs.org/node-cache/-/node-cache-5.1.2.tgz",
			"integrity": "sha512-t1QzWwnk4sjLWaQAS8CHgOJ+RAfmHpxFWmc36IWTiWHQfs0w5JDMBS1b1ZxQteo0vVVuWJvIUKHDkkeK7vIGCg==",
			"requires": {
				"clone": "2.x"
			}
		},
		"p-defer": {
			"version": "1.0.0",
			"resolved": "https://registry.npmjs.org/p-defer/-/p-defer-1.0.0.tgz",
			"integrity": "sha1-n26xgvbJqozXQwBKfU+WsZaw+ww="
		},
		"p-finally": {
			"version": "1.0.0",
			"resolved": "https://registry.npmjs.org/p-finally/-/p-finally-1.0.0.tgz",
			"integrity": "sha1-P7z7FbiZpEEjs0ttzBi3JDNqLK4="
		},
		"p-queue": {
			"version": "6.6.2",
			"resolved": "https://registry.npmjs.org/p-queue/-/p-queue-6.6.2.tgz",
			"integrity": "sha512-RwFpb72c/BhQLEXIZ5K2e+AhgNVmIejGlTgiB9MzZ0e93GRvqZ7uSi0dvRF7/XIXDeNkra2fNHBxTyPDGySpjQ==",
			"requires": {
				"eventemitter3": "^4.0.4",
				"p-timeout": "^3.2.0"
			}
		},
		"p-retry": {
			"version": "4.4.0",
			"resolved": "https://registry.npmjs.org/p-retry/-/p-retry-4.4.0.tgz",
			"integrity": "sha512-gVB/tBsG+3AHI1SyDHRrX6n9ZL0Bcbifps9W9/Bgu3Oyu4/OrAh8SvDzDsvpP0oxfCt3oWNT+0fQ9LyUGwBTLg==",
			"requires": {
				"@types/retry": "^0.12.0",
				"retry": "^0.12.0"
			}
		},
		"p-timeout": {
			"version": "3.2.0",
			"resolved": "https://registry.npmjs.org/p-timeout/-/p-timeout-3.2.0.tgz",
			"integrity": "sha512-rhIwUycgwwKcP9yTOOFK/AKsAopjjCakVqLHePO3CC6Mir1Z99xT+R63jZxAT5lFZLa2inS5h+ZS2GvR99/FBg==",
			"requires": {
				"p-finally": "^1.0.0"
			}
		},
		"readable-stream": {
			"version": "3.6.0",
			"resolved": "https://registry.npmjs.org/readable-stream/-/readable-stream-3.6.0.tgz",
			"integrity": "sha512-BViHy7LKeTz4oNnkcLJ+lVSL6vpiFeX6/d3oSH8zCW7UxP2onchk+vTGB143xuFjHS3deTgkKoXXymXqymiIdA==",
			"requires": {
				"inherits": "^2.0.3",
				"string_decoder": "^1.1.1",
				"util-deprecate": "^1.0.1"
			}
		},
		"retry": {
			"version": "0.12.0",
			"resolved": "https://registry.npmjs.org/retry/-/retry-0.12.0.tgz",
			"integrity": "sha1-G0KmJmoh8HQh0bC1S33BZ7AcATs="
		},
		"ripemd160": {
			"version": "2.0.2",
			"resolved": "https://registry.npmjs.org/ripemd160/-/ripemd160-2.0.2.tgz",
			"integrity": "sha512-ii4iagi25WusVoiC4B4lq7pbXfAp3D9v5CwfkY33vffw2+pkDjY1D8GaN7spsxvCSx8dkPqOZCEZyfxcmJG2IA==",
			"requires": {
				"hash-base": "^3.0.0",
				"inherits": "^2.0.1"
			}
		},
		"safe-buffer": {
			"version": "5.1.2",
			"resolved": "https://registry.npmjs.org/safe-buffer/-/safe-buffer-5.1.2.tgz",
			"integrity": "sha512-Gd2UZBJDkXlY7GbJxfsE8/nvKkUEU1G38c1siN6QP6a9PT9MmHB8GnpscSmMJSoF8LOIrt8ud/wPtojys4G6+g=="
		},
		"scryptsy": {
			"version": "2.1.0",
			"resolved": "https://registry.npmjs.org/scryptsy/-/scryptsy-2.1.0.tgz",
			"integrity": "sha512-1CdSqHQowJBnMAFyPEBRfqag/YP9OF394FV+4YREIJX4ljD7OxvQRDayyoyyCk+senRjSkP6VnUNQmVQqB6g7w=="
		},
		"semver": {
			"version": "7.3.4",
			"resolved": "https://registry.npmjs.org/semver/-/semver-7.3.4.tgz",
			"integrity": "sha512-tCfb2WLjqFAtXn4KEdxIhalnRtoKFN7nAwj0B3ZXCbQloV2tq5eDbcTmT68JJD3nRJq24/XgxtQKFIpQdtvmVw==",
			"requires": {
				"lru-cache": "^6.0.0"
			}
		},
		"sha.js": {
			"version": "2.4.11",
			"resolved": "https://registry.npmjs.org/sha.js/-/sha.js-2.4.11.tgz",
			"integrity": "sha512-QMEp5B7cftE7APOjk5Y6xgrbWu+WkLVQwk8JNjZ8nKRciZaByEW6MubieAiToS7+dwvrjGhH8jRXz3MVd0AYqQ==",
			"requires": {
				"inherits": "^2.0.1",
				"safe-buffer": "^5.0.1"
			}
		},
		"string_decoder": {
			"version": "1.3.0",
			"resolved": "https://registry.npmjs.org/string_decoder/-/string_decoder-1.3.0.tgz",
			"integrity": "sha512-hkRX8U1WjJFd8LsDJ2yQ/wWWxaopEsABU1XfkM8A+j0+85JAGppt16cr1Whg6KIbb4okU6Mql6BOj+uup/wKeA==",
			"requires": {
				"safe-buffer": "~5.2.0"
			},
			"dependencies": {
				"safe-buffer": {
					"version": "5.2.1",
					"resolved": "https://registry.npmjs.org/safe-buffer/-/safe-buffer-5.2.1.tgz",
					"integrity": "sha512-rp3So07KcdmmKbGvgaNxQSJr7bGVSVk5S9Eq1F+ppbRo70+YeaDxkw5Dd8NPN+GD6bjnYm2VuPuCXmpuYvmCXQ=="
				}
			}
		},
		"type-fest": {
			"version": "0.18.1",
			"resolved": "https://registry.npmjs.org/type-fest/-/type-fest-0.18.1.tgz",
			"integrity": "sha512-OIAYXk8+ISY+qTOwkHtKqzAuxchoMiD9Udx+FSGQDuiRR+PJKJHc2NJAXlbhkGwTt/4/nKZxELY1w3ReWOL8mw=="
		},
		"util-deprecate": {
			"version": "1.0.2",
			"resolved": "https://registry.npmjs.org/util-deprecate/-/util-deprecate-1.0.2.tgz",
			"integrity": "sha1-RQ1Nyfpw3nMnYvvS1KKJgUGaDM8="
		},
		"uuid": {
			"version": "8.3.2",
			"resolved": "https://registry.npmjs.org/uuid/-/uuid-8.3.2.tgz",
			"integrity": "sha512-+NYs2QeMWy+GWFOEm9xnn6HCDp0l7QBD7ml8zLUmJ+93Q5NF0NocErnwkTkXVFNiX3/fpC6afS8Dhb/gz7R7eg=="
		},
		"wif": {
			"version": "2.0.6",
			"resolved": "https://registry.npmjs.org/wif/-/wif-2.0.6.tgz",
			"integrity": "sha1-CNP1IFbGZnkplyb63g1DKudLRwQ=",
			"requires": {
				"bs58check": "<3.0.0"
			}
		},
		"yallist": {
			"version": "4.0.0",
			"resolved": "https://registry.npmjs.org/yallist/-/yallist-4.0.0.tgz",
			"integrity": "sha512-3wdGidZyq5PB084XLES5TpOSRA3wjXAlIWMhum2kRcv/41Sn2emQ0dycQW4uZXLejwKvg6EsvbdlVL+FYEct7A=="
		}
	}
}
