{
	"name": "@arkecosystem/platform-sdk-atom",
	"version": "3.0.26",
	"lockfileVersion": 2,
	"requires": true,
	"packages": {
		"": {
			"name": "@arkecosystem/platform-sdk-atom",
			"version": "3.0.26",
			"license": "MIT",
			"dependencies": {
				"@arkecosystem/platform-sdk": "file:../platform-sdk",
				"@arkecosystem/platform-sdk-crypto": "file:../platform-sdk-crypto",
				"@arkecosystem/platform-sdk-intl": "file:../platform-sdk-intl",
				"@arkecosystem/platform-sdk-support": "file:../platform-sdk-support",
				"bcrypto": "^5.3.0",
				"bech32": "^1.1.4",
				"ledger-cosmos-js": "^2.1.8",
				"uuid": "^8.3.1"
			},
			"devDependencies": {
				"@arkecosystem/platform-sdk-http-got": "file:../platform-sdk-http-got"
			},
			"engines": {
				"node": ">=12.x"
			}
		},
		"../platform-sdk": {
			"version": "3.0.26",
			"license": "MIT",
			"dependencies": {
				"@arkecosystem/platform-sdk-intl": "file:../platform-sdk-intl",
				"@arkecosystem/platform-sdk-support": "file:../platform-sdk-support",
				"bad-words": "^3.0.3",
				"bent": "^7.3",
				"bignumber.js": "^9.0.1",
				"bip32": "^2.0.6",
				"bip39": "^3.0.3",
				"censorify-it": "^3.0.2",
				"dayjs": "^1.9",
				"dot-prop": "^5.0.0",
				"joi": "^17.3.0",
				"node-emoji": "^1.10.0",
				"type-fest": "^0.18.1"
			},
			"engines": {
				"node": ">=12.x"
			}
		},
		"../platform-sdk-crypto": {
			"version": "3.0.26",
			"license": "MIT",
			"dependencies": {
				"argon2-browser": "^1.15.2",
				"bcryptjs": "^2.4.3",
				"bcrypto": "^5.3.0",
				"bip32": "^2.0.6",
				"bip38": "^3.1.1",
				"bip39": "^3.0.3",
				"keytar": "^7.1.0",
				"node-forge": "^0.10.0",
				"safe-buffer": "^5.2.1",
				"string-crypto": "^2.0.1"
			},
			"engines": {
				"node": ">=12.x"
			}
		},
		"../platform-sdk-http-got": {
			"version": "3.0.26",
			"dev": true,
			"license": "MIT",
			"dependencies": {
				"@arkecosystem/platform-sdk": "file:../platform-sdk",
				"form-data": "^3.0.0",
				"got": "^11.8.0"
			},
			"engines": {
				"node": ">=12.x"
			}
		},
		"../platform-sdk-intl": {
			"version": "3.0.26",
			"license": "MIT",
			"dependencies": {
				"dayjs": "^1.9.6",
				"dinero.js": "^1.8.1"
			},
			"engines": {
				"node": ">=12.x"
			}
		},
		"../platform-sdk-support": {
			"version": "3.0.26",
			"license": "MIT",
			"dependencies": {
				"bad-words": "^3.0.3",
				"bignumber.js": "^9.0.1",
				"censorify-it": "^3.0.2",
				"dot-prop": "^5.0.0",
				"front-matter": "^4.0.2",
				"joi": "^17.3.0",
				"qrcode": "^1.4.4",
				"remarkable": "^2.0.1"
			},
			"engines": {
				"node": ">=12.x"
			}
		},
		"node_modules/@arkecosystem/platform-sdk": {
			"resolved": "../platform-sdk",
			"link": true
		},
		"node_modules/@arkecosystem/platform-sdk-crypto": {
			"resolved": "../platform-sdk-crypto",
			"link": true
		},
		"node_modules/@arkecosystem/platform-sdk-http-got": {
			"resolved": "../platform-sdk-http-got",
			"link": true
		},
		"node_modules/@arkecosystem/platform-sdk-intl": {
			"resolved": "../platform-sdk-intl",
			"link": true
		},
		"node_modules/@arkecosystem/platform-sdk-support": {
			"resolved": "../platform-sdk-support",
			"link": true
		},
		"node_modules/@babel/runtime": {
			"version": "7.13.7",
			"resolved": "https://registry.npmjs.org/@babel/runtime/-/runtime-7.13.7.tgz",
			"integrity": "sha512-h+ilqoX998mRVM5FtB5ijRuHUDVt5l3yfoOi2uh18Z/O3hvyaHQ39NpxVkCIG5yFs+mLq/ewFp8Bss6zmWv6ZA==",
			"dependencies": {
				"regenerator-runtime": "^0.13.4"
			}
		},
		"node_modules/@ledgerhq/devices": {
			"version": "5.43.0",
			"resolved": "https://registry.npmjs.org/@ledgerhq/devices/-/devices-5.43.0.tgz",
			"integrity": "sha512-/M5ZLUBdBK7Vl2T4yNJbES3Z4w55LbPdxD9rcOBAKH/5V3V0obQv6MUasP9b7DSkwGSSLCOGZLohoT2NxK2D2A==",
			"dependencies": {
				"@ledgerhq/errors": "^5.43.0",
				"@ledgerhq/logs": "^5.43.0",
				"rxjs": "^6.6.3",
				"semver": "^7.3.4"
			}
		},
		"node_modules/@ledgerhq/errors": {
			"version": "5.43.0",
			"resolved": "https://registry.npmjs.org/@ledgerhq/errors/-/errors-5.43.0.tgz",
			"integrity": "sha512-ZjKlUQbIn/DHXAefW3Y1VyDrlVhVqqGnXzrqbOXuDbZ2OAIfSe/A1mrlCbWt98jP/8EJQBuCzBOtnmpXIL/nYg=="
		},
		"node_modules/@ledgerhq/hw-transport": {
			"version": "5.43.0",
			"resolved": "https://registry.npmjs.org/@ledgerhq/hw-transport/-/hw-transport-5.43.0.tgz",
			"integrity": "sha512-0S+TGmiEJOqgM2MWnolZQPVKU3oRtoDj4yUFUZts9Owbgby+hmo4dIKTvv0vs8mwknQbOZByUgh3MQOQiK70MQ==",
			"dependencies": {
				"@ledgerhq/devices": "^5.43.0",
				"@ledgerhq/errors": "^5.43.0",
				"events": "^3.2.0"
			}
		},
		"node_modules/@ledgerhq/logs": {
			"version": "5.43.0",
			"resolved": "https://registry.npmjs.org/@ledgerhq/logs/-/logs-5.43.0.tgz",
			"integrity": "sha512-QWfQjea3ekh9ZU+JeL2tJC9cTKLZ/JrcS0JGatLejpRYxQajvnHvHfh0dbHOKXEaXfCskEPTZ3f1kzuts742GA=="
		},
		"node_modules/bcrypto": {
			"version": "5.4.0",
			"resolved": "https://registry.npmjs.org/bcrypto/-/bcrypto-5.4.0.tgz",
			"integrity": "sha512-KDX2CR29o6ZoqpQndcCxFZAtYA1jDMnXU3jmCfzP44g++Cu7AHHtZN/JbrN/MXAg9SLvtQ8XISG+eVD9zH1+Jg==",
			"hasInstallScript": true,
			"dependencies": {
				"bufio": "~1.0.7",
				"loady": "~0.0.5"
			},
			"engines": {
				"node": ">=8.0.0"
			}
		},
		"node_modules/bech32": {
			"version": "1.1.4",
			"resolved": "https://registry.npmjs.org/bech32/-/bech32-1.1.4.tgz",
			"integrity": "sha512-s0IrSOzLlbvX7yp4WBfPITzpAU8sqQcpsmwXDiKwrG4r491vwCO/XpejasRNl0piBMe/DvP4Tz0mIS/X1DPJBQ=="
		},
		"node_modules/bufio": {
			"version": "1.0.7",
			"resolved": "https://registry.npmjs.org/bufio/-/bufio-1.0.7.tgz",
			"integrity": "sha512-bd1dDQhiC+bEbEfg56IdBv7faWa6OipMs/AFFFvtFnB3wAYjlwQpQRZ0pm6ZkgtfL0pILRXhKxOiQj6UzoMR7A==",
			"engines": {
				"node": ">=8.0.0"
			}
		},
		"node_modules/events": {
			"version": "3.2.0",
			"resolved": "https://registry.npmjs.org/events/-/events-3.2.0.tgz",
			"integrity": "sha512-/46HWwbfCX2xTawVfkKLGxMifJYQBWMwY1mjywRtb4c9x8l5NP3KoJtnIOiL1hfdRkIuYhETxQlo62IF8tcnlg==",
			"engines": {
				"node": ">=0.8.x"
			}
		},
		"node_modules/hash-base": {
			"version": "3.1.0",
			"resolved": "https://registry.npmjs.org/hash-base/-/hash-base-3.1.0.tgz",
			"integrity": "sha512-1nmYp/rhMDiE7AYkDw+lLwlAzz0AntGIe51F3RfFfEqyQ3feY2eI/NcwC6umIQVOASPMsWJLJScWKSSvzL9IVA==",
			"dependencies": {
				"inherits": "^2.0.4",
				"readable-stream": "^3.6.0",
				"safe-buffer": "^5.2.0"
			},
			"engines": {
				"node": ">=4"
			}
		},
		"node_modules/inherits": {
			"version": "2.0.4",
			"resolved": "https://registry.npmjs.org/inherits/-/inherits-2.0.4.tgz",
			"integrity": "sha512-k/vGaX4/Yla3WzyMCvTQOXYeIHvqOKtnqBduzTHpzpQZzAskKMhZ2K+EnBiSM9zGSoIFeMpXKxa4dYeZIQqewQ=="
		},
		"node_modules/ledger-cosmos-js": {
			"version": "2.1.8",
			"resolved": "https://registry.npmjs.org/ledger-cosmos-js/-/ledger-cosmos-js-2.1.8.tgz",
			"integrity": "sha512-Gl7SWMq+3R9OTkF1hLlg5+1geGOmcHX9OdS+INDsGNxSiKRWlsWCvQipGoDnRIQ6CPo2i/Ze58Dw0Mt/l3UYyA==",
			"dependencies": {
				"@babel/runtime": "^7.11.2",
				"@ledgerhq/hw-transport": "^5.25.0",
				"bech32": "^1.1.4",
				"ripemd160": "^2.0.2"
			}
		},
		"node_modules/loady": {
			"version": "0.0.5",
			"resolved": "https://registry.npmjs.org/loady/-/loady-0.0.5.tgz",
			"integrity": "sha512-uxKD2HIj042/HBx77NBcmEPsD+hxCgAtjEWlYNScuUjIsh/62Uyu39GOR68TBR68v+jqDL9zfftCWoUo4y03sQ==",
			"engines": {
				"node": ">=8.0.0"
			}
		},
		"node_modules/lru-cache": {
			"version": "6.0.0",
			"resolved": "https://registry.npmjs.org/lru-cache/-/lru-cache-6.0.0.tgz",
			"integrity": "sha512-Jo6dJ04CmSjuznwJSS3pUeWmd/H0ffTlkXXgwZi+eq1UCmqQwCh+eLsYOYCwY991i2Fah4h1BEMCx4qThGbsiA==",
			"dependencies": {
				"yallist": "^4.0.0"
			},
			"engines": {
				"node": ">=10"
			}
		},
		"node_modules/readable-stream": {
			"version": "3.6.0",
			"resolved": "https://registry.npmjs.org/readable-stream/-/readable-stream-3.6.0.tgz",
			"integrity": "sha512-BViHy7LKeTz4oNnkcLJ+lVSL6vpiFeX6/d3oSH8zCW7UxP2onchk+vTGB143xuFjHS3deTgkKoXXymXqymiIdA==",
			"dependencies": {
				"inherits": "^2.0.3",
				"string_decoder": "^1.1.1",
				"util-deprecate": "^1.0.1"
			},
			"engines": {
				"node": ">= 6"
			}
		},
		"node_modules/regenerator-runtime": {
			"version": "0.13.7",
			"resolved": "https://registry.npmjs.org/regenerator-runtime/-/regenerator-runtime-0.13.7.tgz",
			"integrity": "sha512-a54FxoJDIr27pgf7IgeQGxmqUNYrcV338lf/6gH456HZ/PhX+5BcwHXG9ajESmwe6WRO0tAzRUrRmNONWgkrew=="
		},
		"node_modules/ripemd160": {
			"version": "2.0.2",
			"resolved": "https://registry.npmjs.org/ripemd160/-/ripemd160-2.0.2.tgz",
			"integrity": "sha512-ii4iagi25WusVoiC4B4lq7pbXfAp3D9v5CwfkY33vffw2+pkDjY1D8GaN7spsxvCSx8dkPqOZCEZyfxcmJG2IA==",
			"dependencies": {
				"hash-base": "^3.0.0",
				"inherits": "^2.0.1"
			}
		},
		"node_modules/rxjs": {
			"version": "6.6.6",
			"resolved": "https://registry.npmjs.org/rxjs/-/rxjs-6.6.6.tgz",
			"integrity": "sha512-/oTwee4N4iWzAMAL9xdGKjkEHmIwupR3oXbQjCKywF1BeFohswF3vZdogbmEF6pZkOsXTzWkrZszrWpQTByYVg==",
			"dependencies": {
				"tslib": "^1.9.0"
			},
			"engines": {
				"npm": ">=2.0.0"
			}
		},
		"node_modules/safe-buffer": {
			"version": "5.2.1",
			"resolved": "https://registry.npmjs.org/safe-buffer/-/safe-buffer-5.2.1.tgz",
			"integrity": "sha512-rp3So07KcdmmKbGvgaNxQSJr7bGVSVk5S9Eq1F+ppbRo70+YeaDxkw5Dd8NPN+GD6bjnYm2VuPuCXmpuYvmCXQ==",
			"funding": [
				{
					"type": "github",
					"url": "https://github.com/sponsors/feross"
				},
				{
					"type": "patreon",
					"url": "https://www.patreon.com/feross"
				},
				{
					"type": "consulting",
					"url": "https://feross.org/support"
				}
			]
		},
		"node_modules/semver": {
			"version": "7.3.4",
			"resolved": "https://registry.npmjs.org/semver/-/semver-7.3.4.tgz",
			"integrity": "sha512-tCfb2WLjqFAtXn4KEdxIhalnRtoKFN7nAwj0B3ZXCbQloV2tq5eDbcTmT68JJD3nRJq24/XgxtQKFIpQdtvmVw==",
			"dependencies": {
				"lru-cache": "^6.0.0"
			},
			"bin": {
				"semver": "bin/semver.js"
			},
			"engines": {
				"node": ">=10"
			}
		},
		"node_modules/string_decoder": {
			"version": "1.3.0",
			"resolved": "https://registry.npmjs.org/string_decoder/-/string_decoder-1.3.0.tgz",
			"integrity": "sha512-hkRX8U1WjJFd8LsDJ2yQ/wWWxaopEsABU1XfkM8A+j0+85JAGppt16cr1Whg6KIbb4okU6Mql6BOj+uup/wKeA==",
			"dependencies": {
				"safe-buffer": "~5.2.0"
			}
		},
		"node_modules/tslib": {
			"version": "1.14.1",
			"resolved": "https://registry.npmjs.org/tslib/-/tslib-1.14.1.tgz",
			"integrity": "sha512-Xni35NKzjgMrwevysHTCArtLDpPvye8zV/0E4EyYn43P7/7qvQwPh9BGkHewbMulVntbigmcT7rdX3BNo9wRJg=="
		},
		"node_modules/util-deprecate": {
			"version": "1.0.2",
			"resolved": "https://registry.npmjs.org/util-deprecate/-/util-deprecate-1.0.2.tgz",
			"integrity": "sha1-RQ1Nyfpw3nMnYvvS1KKJgUGaDM8="
		},
		"node_modules/uuid": {
			"version": "8.3.2",
			"resolved": "https://registry.npmjs.org/uuid/-/uuid-8.3.2.tgz",
			"integrity": "sha512-+NYs2QeMWy+GWFOEm9xnn6HCDp0l7QBD7ml8zLUmJ+93Q5NF0NocErnwkTkXVFNiX3/fpC6afS8Dhb/gz7R7eg==",
			"bin": {
				"uuid": "dist/bin/uuid"
			}
		},
		"node_modules/yallist": {
			"version": "4.0.0",
			"resolved": "https://registry.npmjs.org/yallist/-/yallist-4.0.0.tgz",
			"integrity": "sha512-3wdGidZyq5PB084XLES5TpOSRA3wjXAlIWMhum2kRcv/41Sn2emQ0dycQW4uZXLejwKvg6EsvbdlVL+FYEct7A=="
		}
	},
	"dependencies": {
		"@arkecosystem/platform-sdk": {
			"version": "file:../platform-sdk",
			"requires": {
				"@arkecosystem/platform-sdk-intl": "file:../platform-sdk-intl",
				"@arkecosystem/platform-sdk-support": "file:../platform-sdk-support",
				"bad-words": "^3.0.3",
				"bent": "^7.3",
				"bignumber.js": "^9.0.1",
				"bip32": "^2.0.6",
				"bip39": "^3.0.3",
				"censorify-it": "^3.0.2",
				"dayjs": "^1.9",
				"dot-prop": "^5.0.0",
				"joi": "^17.3.0",
				"node-emoji": "^1.10.0",
				"type-fest": "^0.18.1"
			}
		},
		"@arkecosystem/platform-sdk-crypto": {
			"version": "file:../platform-sdk-crypto",
			"requires": {
				"argon2-browser": "^1.15.2",
				"bcryptjs": "^2.4.3",
				"bcrypto": "^5.3.0",
				"bip32": "^2.0.6",
				"bip38": "^3.1.1",
				"bip39": "^3.0.3",
				"keytar": "^7.1.0",
				"node-forge": "^0.10.0",
				"safe-buffer": "^5.2.1",
				"string-crypto": "^2.0.1"
			}
		},
		"@arkecosystem/platform-sdk-http-got": {
			"version": "file:../platform-sdk-http-got",
			"requires": {
				"@arkecosystem/platform-sdk": "file:../platform-sdk",
				"form-data": "^3.0.0",
				"got": "^11.8.0"
			}
		},
		"@arkecosystem/platform-sdk-intl": {
			"version": "file:../platform-sdk-intl",
			"requires": {
				"dayjs": "^1.9.6",
				"dinero.js": "^1.8.1"
			}
		},
		"@arkecosystem/platform-sdk-support": {
			"version": "file:../platform-sdk-support",
			"requires": {
				"bad-words": "^3.0.3",
				"bignumber.js": "^9.0.1",
				"censorify-it": "^3.0.2",
				"dot-prop": "^5.0.0",
				"front-matter": "^4.0.2",
				"joi": "^17.3.0",
				"qrcode": "^1.4.4",
				"remarkable": "^2.0.1"
			}
		},
		"@babel/runtime": {
			"version": "7.13.7",
			"resolved": "https://registry.npmjs.org/@babel/runtime/-/runtime-7.13.7.tgz",
			"integrity": "sha512-h+ilqoX998mRVM5FtB5ijRuHUDVt5l3yfoOi2uh18Z/O3hvyaHQ39NpxVkCIG5yFs+mLq/ewFp8Bss6zmWv6ZA==",
			"requires": {
				"regenerator-runtime": "^0.13.4"
			}
		},
		"@ledgerhq/devices": {
			"version": "5.43.0",
			"resolved": "https://registry.npmjs.org/@ledgerhq/devices/-/devices-5.43.0.tgz",
			"integrity": "sha512-/M5ZLUBdBK7Vl2T4yNJbES3Z4w55LbPdxD9rcOBAKH/5V3V0obQv6MUasP9b7DSkwGSSLCOGZLohoT2NxK2D2A==",
			"requires": {
				"@ledgerhq/errors": "^5.43.0",
				"@ledgerhq/logs": "^5.43.0",
				"rxjs": "^6.6.3",
				"semver": "^7.3.4"
			}
		},
		"@ledgerhq/errors": {
			"version": "5.43.0",
			"resolved": "https://registry.npmjs.org/@ledgerhq/errors/-/errors-5.43.0.tgz",
			"integrity": "sha512-ZjKlUQbIn/DHXAefW3Y1VyDrlVhVqqGnXzrqbOXuDbZ2OAIfSe/A1mrlCbWt98jP/8EJQBuCzBOtnmpXIL/nYg=="
		},
		"@ledgerhq/hw-transport": {
			"version": "5.43.0",
			"resolved": "https://registry.npmjs.org/@ledgerhq/hw-transport/-/hw-transport-5.43.0.tgz",
			"integrity": "sha512-0S+TGmiEJOqgM2MWnolZQPVKU3oRtoDj4yUFUZts9Owbgby+hmo4dIKTvv0vs8mwknQbOZByUgh3MQOQiK70MQ==",
			"requires": {
				"@ledgerhq/devices": "^5.43.0",
				"@ledgerhq/errors": "^5.43.0",
				"events": "^3.2.0"
			}
		},
		"@ledgerhq/logs": {
			"version": "5.43.0",
			"resolved": "https://registry.npmjs.org/@ledgerhq/logs/-/logs-5.43.0.tgz",
			"integrity": "sha512-QWfQjea3ekh9ZU+JeL2tJC9cTKLZ/JrcS0JGatLejpRYxQajvnHvHfh0dbHOKXEaXfCskEPTZ3f1kzuts742GA=="
		},
		"bcrypto": {
			"version": "5.4.0",
			"resolved": "https://registry.npmjs.org/bcrypto/-/bcrypto-5.4.0.tgz",
			"integrity": "sha512-KDX2CR29o6ZoqpQndcCxFZAtYA1jDMnXU3jmCfzP44g++Cu7AHHtZN/JbrN/MXAg9SLvtQ8XISG+eVD9zH1+Jg==",
			"requires": {
				"bufio": "~1.0.7",
				"loady": "~0.0.5"
			}
		},
		"bech32": {
			"version": "1.1.4",
			"resolved": "https://registry.npmjs.org/bech32/-/bech32-1.1.4.tgz",
			"integrity": "sha512-s0IrSOzLlbvX7yp4WBfPITzpAU8sqQcpsmwXDiKwrG4r491vwCO/XpejasRNl0piBMe/DvP4Tz0mIS/X1DPJBQ=="
		},
		"bufio": {
			"version": "1.0.7",
			"resolved": "https://registry.npmjs.org/bufio/-/bufio-1.0.7.tgz",
			"integrity": "sha512-bd1dDQhiC+bEbEfg56IdBv7faWa6OipMs/AFFFvtFnB3wAYjlwQpQRZ0pm6ZkgtfL0pILRXhKxOiQj6UzoMR7A=="
		},
		"events": {
			"version": "3.2.0",
			"resolved": "https://registry.npmjs.org/events/-/events-3.2.0.tgz",
			"integrity": "sha512-/46HWwbfCX2xTawVfkKLGxMifJYQBWMwY1mjywRtb4c9x8l5NP3KoJtnIOiL1hfdRkIuYhETxQlo62IF8tcnlg=="
		},
		"hash-base": {
			"version": "3.1.0",
			"resolved": "https://registry.npmjs.org/hash-base/-/hash-base-3.1.0.tgz",
			"integrity": "sha512-1nmYp/rhMDiE7AYkDw+lLwlAzz0AntGIe51F3RfFfEqyQ3feY2eI/NcwC6umIQVOASPMsWJLJScWKSSvzL9IVA==",
			"requires": {
				"inherits": "^2.0.4",
				"readable-stream": "^3.6.0",
				"safe-buffer": "^5.2.0"
			}
		},
		"inherits": {
			"version": "2.0.4",
			"resolved": "https://registry.npmjs.org/inherits/-/inherits-2.0.4.tgz",
			"integrity": "sha512-k/vGaX4/Yla3WzyMCvTQOXYeIHvqOKtnqBduzTHpzpQZzAskKMhZ2K+EnBiSM9zGSoIFeMpXKxa4dYeZIQqewQ=="
		},
		"ledger-cosmos-js": {
			"version": "2.1.8",
			"resolved": "https://registry.npmjs.org/ledger-cosmos-js/-/ledger-cosmos-js-2.1.8.tgz",
			"integrity": "sha512-Gl7SWMq+3R9OTkF1hLlg5+1geGOmcHX9OdS+INDsGNxSiKRWlsWCvQipGoDnRIQ6CPo2i/Ze58Dw0Mt/l3UYyA==",
			"requires": {
				"@babel/runtime": "^7.11.2",
				"@ledgerhq/hw-transport": "^5.25.0",
				"bech32": "^1.1.4",
				"ripemd160": "^2.0.2"
			}
		},
		"loady": {
			"version": "0.0.5",
			"resolved": "https://registry.npmjs.org/loady/-/loady-0.0.5.tgz",
			"integrity": "sha512-uxKD2HIj042/HBx77NBcmEPsD+hxCgAtjEWlYNScuUjIsh/62Uyu39GOR68TBR68v+jqDL9zfftCWoUo4y03sQ=="
		},
		"lru-cache": {
			"version": "6.0.0",
			"resolved": "https://registry.npmjs.org/lru-cache/-/lru-cache-6.0.0.tgz",
			"integrity": "sha512-Jo6dJ04CmSjuznwJSS3pUeWmd/H0ffTlkXXgwZi+eq1UCmqQwCh+eLsYOYCwY991i2Fah4h1BEMCx4qThGbsiA==",
			"requires": {
				"yallist": "^4.0.0"
			}
		},
		"readable-stream": {
			"version": "3.6.0",
			"resolved": "https://registry.npmjs.org/readable-stream/-/readable-stream-3.6.0.tgz",
			"integrity": "sha512-BViHy7LKeTz4oNnkcLJ+lVSL6vpiFeX6/d3oSH8zCW7UxP2onchk+vTGB143xuFjHS3deTgkKoXXymXqymiIdA==",
			"requires": {
				"inherits": "^2.0.3",
				"string_decoder": "^1.1.1",
				"util-deprecate": "^1.0.1"
			}
		},
		"regenerator-runtime": {
			"version": "0.13.7",
			"resolved": "https://registry.npmjs.org/regenerator-runtime/-/regenerator-runtime-0.13.7.tgz",
			"integrity": "sha512-a54FxoJDIr27pgf7IgeQGxmqUNYrcV338lf/6gH456HZ/PhX+5BcwHXG9ajESmwe6WRO0tAzRUrRmNONWgkrew=="
		},
		"ripemd160": {
			"version": "2.0.2",
			"resolved": "https://registry.npmjs.org/ripemd160/-/ripemd160-2.0.2.tgz",
			"integrity": "sha512-ii4iagi25WusVoiC4B4lq7pbXfAp3D9v5CwfkY33vffw2+pkDjY1D8GaN7spsxvCSx8dkPqOZCEZyfxcmJG2IA==",
			"requires": {
				"hash-base": "^3.0.0",
				"inherits": "^2.0.1"
			}
		},
		"rxjs": {
			"version": "6.6.6",
			"resolved": "https://registry.npmjs.org/rxjs/-/rxjs-6.6.6.tgz",
			"integrity": "sha512-/oTwee4N4iWzAMAL9xdGKjkEHmIwupR3oXbQjCKywF1BeFohswF3vZdogbmEF6pZkOsXTzWkrZszrWpQTByYVg==",
			"requires": {
				"tslib": "^1.9.0"
			}
		},
		"safe-buffer": {
			"version": "5.2.1",
			"resolved": "https://registry.npmjs.org/safe-buffer/-/safe-buffer-5.2.1.tgz",
			"integrity": "sha512-rp3So07KcdmmKbGvgaNxQSJr7bGVSVk5S9Eq1F+ppbRo70+YeaDxkw5Dd8NPN+GD6bjnYm2VuPuCXmpuYvmCXQ=="
		},
		"semver": {
			"version": "7.3.4",
			"resolved": "https://registry.npmjs.org/semver/-/semver-7.3.4.tgz",
			"integrity": "sha512-tCfb2WLjqFAtXn4KEdxIhalnRtoKFN7nAwj0B3ZXCbQloV2tq5eDbcTmT68JJD3nRJq24/XgxtQKFIpQdtvmVw==",
			"requires": {
				"lru-cache": "^6.0.0"
			}
		},
		"string_decoder": {
			"version": "1.3.0",
			"resolved": "https://registry.npmjs.org/string_decoder/-/string_decoder-1.3.0.tgz",
			"integrity": "sha512-hkRX8U1WjJFd8LsDJ2yQ/wWWxaopEsABU1XfkM8A+j0+85JAGppt16cr1Whg6KIbb4okU6Mql6BOj+uup/wKeA==",
			"requires": {
				"safe-buffer": "~5.2.0"
			}
		},
		"tslib": {
			"version": "1.14.1",
			"resolved": "https://registry.npmjs.org/tslib/-/tslib-1.14.1.tgz",
			"integrity": "sha512-Xni35NKzjgMrwevysHTCArtLDpPvye8zV/0E4EyYn43P7/7qvQwPh9BGkHewbMulVntbigmcT7rdX3BNo9wRJg=="
		},
		"util-deprecate": {
			"version": "1.0.2",
			"resolved": "https://registry.npmjs.org/util-deprecate/-/util-deprecate-1.0.2.tgz",
			"integrity": "sha1-RQ1Nyfpw3nMnYvvS1KKJgUGaDM8="
		},
		"uuid": {
			"version": "8.3.2",
			"resolved": "https://registry.npmjs.org/uuid/-/uuid-8.3.2.tgz",
			"integrity": "sha512-+NYs2QeMWy+GWFOEm9xnn6HCDp0l7QBD7ml8zLUmJ+93Q5NF0NocErnwkTkXVFNiX3/fpC6afS8Dhb/gz7R7eg=="
		},
		"yallist": {
			"version": "4.0.0",
			"resolved": "https://registry.npmjs.org/yallist/-/yallist-4.0.0.tgz",
			"integrity": "sha512-3wdGidZyq5PB084XLES5TpOSRA3wjXAlIWMhum2kRcv/41Sn2emQ0dycQW4uZXLejwKvg6EsvbdlVL+FYEct7A=="
		}
	}
}
