{
	"name": "@arkecosystem/platform-sdk-cryptocompare",
	"version": "3.0.26",
	"lockfileVersion": 2,
	"requires": true,
	"packages": {
		"": {
			"name": "@arkecosystem/platform-sdk-cryptocompare",
			"version": "3.0.26",
			"license": "MIT",
			"dependencies": {
				"@arkecosystem/platform-sdk": "file:../platform-sdk",
				"@arkecosystem/platform-sdk-intl": "file:../platform-sdk-intl",
				"@arkecosystem/platform-sdk-support": "file:../platform-sdk-support"
			},
			"devDependencies": {
				"@arkecosystem/platform-sdk-http-got": "file:../platform-sdk-http-got"
			},
			"engines": {
				"node": ">=12.x"
			}
		},
		"../platform-sdk": {
			"version": "3.0.26",
			"license": "MIT",
			"dependencies": {
				"@arkecosystem/platform-sdk-intl": "file:../platform-sdk-intl",
				"@arkecosystem/platform-sdk-support": "file:../platform-sdk-support",
				"bad-words": "^3.0.3",
				"bent": "^7.3",
				"bignumber.js": "^9.0.1",
				"bip32": "^2.0.6",
				"bip39": "^3.0.3",
				"censorify-it": "^3.0.2",
				"dayjs": "^1.9",
				"dot-prop": "^5.0.0",
				"joi": "^17.3.0",
				"node-emoji": "^1.10.0",
				"type-fest": "^0.18.1"
			},
			"engines": {
				"node": ">=12.x"
			}
		},
		"../platform-sdk-http-got": {
			"version": "3.0.26",
			"dev": true,
			"license": "MIT",
			"dependencies": {
				"@arkecosystem/platform-sdk": "file:../platform-sdk",
				"form-data": "^3.0.0",
				"got": "^11.8.0"
			},
			"engines": {
				"node": ">=12.x"
			}
		},
		"../platform-sdk-intl": {
			"version": "3.0.26",
			"license": "MIT",
			"dependencies": {
				"dayjs": "^1.9.6",
				"dinero.js": "^1.8.1"
			},
			"engines": {
				"node": ">=12.x"
			}
		},
		"../platform-sdk-support": {
			"version": "3.0.26",
			"license": "MIT",
			"dependencies": {
				"bad-words": "^3.0.3",
				"bignumber.js": "^9.0.1",
				"censorify-it": "^3.0.2",
				"dot-prop": "^5.0.0",
				"front-matter": "^4.0.2",
				"joi": "^17.3.0",
				"qrcode": "^1.4.4",
				"remarkable": "^2.0.1"
			},
			"engines": {
				"node": ">=12.x"
			}
		},
		"node_modules/@arkecosystem/platform-sdk": {
			"resolved": "../platform-sdk",
			"link": true
		},
		"node_modules/@arkecosystem/platform-sdk-http-got": {
			"resolved": "../platform-sdk-http-got",
			"link": true
		},
		"node_modules/@arkecosystem/platform-sdk-intl": {
			"resolved": "../platform-sdk-intl",
			"link": true
		},
		"node_modules/@arkecosystem/platform-sdk-support": {
			"resolved": "../platform-sdk-support",
			"link": true
		}
	},
	"dependencies": {
		"@arkecosystem/platform-sdk": {
			"version": "file:../platform-sdk",
			"requires": {
				"@arkecosystem/platform-sdk-intl": "file:../platform-sdk-intl",
				"@arkecosystem/platform-sdk-support": "file:../platform-sdk-support",
				"bad-words": "^3.0.3",
				"bent": "^7.3",
				"bignumber.js": "^9.0.1",
				"bip32": "^2.0.6",
				"bip39": "^3.0.3",
				"censorify-it": "^3.0.2",
				"dayjs": "^1.9",
				"dot-prop": "^5.0.0",
				"joi": "^17.3.0",
				"node-emoji": "^1.10.0",
				"type-fest": "^0.18.1"
			}
		},
		"@arkecosystem/platform-sdk-http-got": {
			"version": "file:../platform-sdk-http-got",
			"requires": {
				"@arkecosystem/platform-sdk": "file:../platform-sdk",
				"form-data": "^3.0.0",
				"got": "^11.8.0"
			}
		},
		"@arkecosystem/platform-sdk-intl": {
			"version": "file:../platform-sdk-intl",
			"requires": {
				"dayjs": "^1.9.6",
				"dinero.js": "^1.8.1"
			}
		},
		"@arkecosystem/platform-sdk-support": {
			"version": "file:../platform-sdk-support",
			"requires": {
				"bad-words": "^3.0.3",
				"bignumber.js": "^9.0.1",
				"censorify-it": "^3.0.2",
				"dot-prop": "^5.0.0",
				"front-matter": "^4.0.2",
				"joi": "^17.3.0",
				"qrcode": "^1.4.4",
				"remarkable": "^2.0.1"
			}
		}
	}
}
